
Microsoft Visual Studio Solution File, Format Version 12.00
# Visual Studio 2013
VisualStudioVersion = 12.0.30501.0
MinimumVisualStudioVersion = 10.0.40219.1
Project("{2150E333-8FDC-42A3-9474-1A3956D46DE8}") = "Samples.Native.Classical.UberTestersSDK.Normalized", "Samples.Native.Classical.UberTestersSDK.Normalized", "{B2D18E0F-396D-4733-ACD7-7F895F418C68}"
EndProject
Project("{2150E333-8FDC-42A3-9474-1A3956D46DE8}") = "Samples.Native.XamarinForms.UberTestersSDK.Normalized", "Samples.Native.XamarinForms.UberTestersSDK.Normalized", "{888BAA0F-899E-49BC-8934-7BF96F84BDB1}"
EndProject
Project("{FAE04EC0-301F-11D3-BF4B-00C04F79EFBC}") = "Ubertesters.Bindings.XamarinAndroid", "Ubertesters.Bindings.XamarinAndroid\Ubertesters.Bindings.XamarinAndroid.csproj", "{3E7113BE-EC45-4F12-BEEB-F410B3842010}"
EndProject
Project("{FAE04EC0-301F-11D3-BF4B-00C04F79EFBC}") = "Ubertesters.Bindings.XamarinIOS", "Ubertesters.Bindings.XamarinIOS\Ubertesters.Bindings.XamarinIOS.csproj", "{7905C6AE-908B-4CB3-A4BC-F140D9B5736B}"
EndProject
Project("{2150E333-8FDC-42A3-9474-1A3956D46DE8}") = "XamarinComponent", "XamarinComponent", "{7BA5E7A6-84FF-4709-9E64-540DB7D957FE}"
EndProject
Project("{FAE04EC0-301F-11D3-BF4B-00C04F79EFBC}") = "XamarinComponentStore.UberTesters.Classical", "XamarinComponent\XamarinComponentStore.UberTesters.Classical\XamarinComponentStore.UberTesters.Classical.csproj", "{E8A0187A-CE14-4967-933C-333F1664647F}"
EndProject
Project("{FAE04EC0-301F-11D3-BF4B-00C04F79EFBC}") = "XamarinComponentStore.UberTesters.XamarinForms", "XamarinComponent\XamarinComponentStore.UberTesters.XamarinForms\XamarinComponentStore.UberTesters.XamarinForms.csproj", "{382684C5-8B53-4B1D-9478-A05511C9B0ED}"
EndProject
Project("{2150E333-8FDC-42A3-9474-1A3956D46DE8}") = "Upload.IDE.Integration", "Upload.IDE.Integration", "{9839370D-1F10-4CA4-B13A-3049E35AB2D2}"
EndProject
Project("{FAE04EC0-301F-11D3-BF4B-00C04F79EFBC}") = "UberTesters.UploadAPI.BusinessLogic.DLL_netfx4", "Upload.IDE.Integration\UberTesters.UploadAPI.BusinessLogic.DLL_netfx4\UberTesters.UploadAPI.BusinessLogic.DLL_netfx4.csproj", "{D889FC48-FF35-4B4C-BE59-7E9095D46F56}"
EndProject
Project("{FAE04EC0-301F-11D3-BF4B-00C04F79EFBC}") = "UberTesters.UploadAPI.BusinessLogic.DLL_netfx45", "Upload.IDE.Integration\UberTesters.UploadAPI.BusinessLogic.DLL_netfx45\UberTesters.UploadAPI.BusinessLogic.DLL_netfx45.csproj", "{12B14F26-D7E3-49FF-B62A-B6A5A9512AAF}"
EndProject
Project("{FAE04EC0-301F-11D3-BF4B-00C04F79EFBC}") = "Ubertesters.Upload.BusinessLogic.DLLnetfx4", "Upload.IDE.Integration\Ubertesters.Upload.BusinessLogic.DLLnetfx4\Ubertesters.Upload.BusinessLogic.DLLnetfx4.csproj", "{DEB70E69-E189-4EC0-A176-138A479EBDF3}"
EndProject
Project("{FAE04EC0-301F-11D3-BF4B-00C04F79EFBC}") = "UberTesters.UploadAPI.ApplicationConsole.DLL_netfx4", "Upload.IDE.Integration\UberTesters.UploadAPI.ApplicationConsole.DLL_netfx4\UberTesters.UploadAPI.ApplicationConsole.DLL_netfx4.csproj", "{00802F28-5A55-4B52-AADA-3AD01407BED4}"
EndProject
Project("{FAE04EC0-301F-11D3-BF4B-00C04F79EFBC}") = "Ubertesters.UploadAPI.PresentationLayer.DLLGTKSharp20", "Upload.IDE.Integration\Ubertesters.UploadAPI.PresentationLayer.DLLGTKSharp20\Ubertesters.UploadAPI.PresentationLayer.DLLGTKSharp20.csproj", "{7D2A4FBC-B67D-4060-BF38-BB4D3DE70402}"
EndProject
Project("{FAE04EC0-301F-11D3-BF4B-00C04F79EFBC}") = "Ubertesters.UploadAPI.PresentationLayer.DLLWinFormsnetfx4", "Upload.IDE.Integration\Ubertesters.UploadAPI.PresentationLayer.DLLWinFormsnetfx4\Ubertesters.UploadAPI.PresentationLayer.DLLWinFormsnetfx4.csproj", "{0E0C49B6-764A-48C7-BAA7-AD5FB33C4185}"
EndProject
Project("{FAE04EC0-301F-11D3-BF4B-00C04F79EFBC}") = "Ubertesters.UploadAPI.PresentationLayer.DLLWPFnetfx4", "Upload.IDE.Integration\Ubertesters.UploadAPI.PresentationLayer.DLLWPFnetfx4\Ubertesters.UploadAPI.PresentationLayer.DLLWPFnetfx4.csproj", "{5C538F7D-AD38-4E0B-9602-CFF3932D0FFC}"
EndProject
Project("{2150E333-8FDC-42A3-9474-1A3956D46DE8}") = "Xamarin.UberTesters.Private", "Xamarin.UberTesters.Private", "{1DC500AC-B43C-462C-A0E9-77D6395181BD}"
EndProject
Project("{FAE04EC0-301F-11D3-BF4B-00C04F79EFBC}") = "Scripts", "Upload.IDE.Integration\Xamarin.UberTesters.Private\Scripts\Scripts.csproj", "{008A2000-29EF-4DB4-A2A2-706060C94A34}"
EndProject
Project("{2150E333-8FDC-42A3-9474-1A3956D46DE8}") = "Samples", "Samples", "{D0EDCAC8-B551-4201-A534-A7065BB79145}"
EndProject
Project("{2150E333-8FDC-42A3-9474-1A3956D46DE8}") = "Classical", "Classical", "{80A0255B-69CF-4D8A-9B86-577C8C4D648E}"
EndProject
Project("{2150E333-8FDC-42A3-9474-1A3956D46DE8}") = "BindingsBasic", "BindingsBasic", "{4D76D9EA-6AB9-4865-AC91-E6B89106F6A8}"
EndProject
Project("{FAE04EC0-301F-11D3-BF4B-00C04F79EFBC}") = "UbertestersSDKSample.Application.XamarinAndroid", "Samples\Classical\BindingsBasic\UbertestersSDKSample.XamarinAndroid\UbertestersSDKSample.Application.XamarinAndroid.csproj", "{26B1C0F4-63DE-4008-B042-CC222F3FBDB2}"
EndProject
Project("{FAE04EC0-301F-11D3-BF4B-00C04F79EFBC}") = "UbertestersSDKSample.Application.XamarinIOS", "Samples\Classical\BindingsBasic\UbertestersSDKSample.XamarinIOS\UbertestersSDKSample.Application.XamarinIOS.csproj", "{3E453E6E-09F3-410D-BFA2-40F489BB0977}"
EndProject
Project("{2150E333-8FDC-42A3-9474-1A3956D46DE8}") = "BindingsNormalized", "BindingsNormalized", "{285A74B3-6FD1-4B7B-B2EA-85E4E0E5C14C}"
EndProject
Project("{2150E333-8FDC-42A3-9474-1A3956D46DE8}") = "XamarinForms", "XamarinForms", "{E65A14F1-0814-4BF9-8761-EA88ADCD07FA}"
EndProject
Project("{2150E333-8FDC-42A3-9474-1A3956D46DE8}") = "NormalizedBindings", "NormalizedBindings", "{C6F8189F-A5B0-4D12-9FB4-1B5ADA1EACF7}"
EndProject
Project("{2150E333-8FDC-42A3-9474-1A3956D46DE8}") = "xaml", "xaml", "{F396F079-1516-4666-AEC7-06C2C08984B7}"
EndProject
Project("{FAE04EC0-301F-11D3-BF4B-00C04F79EFBC}") = "UberTesters.XamarinForms.Common", "Samples\XamarinForms\NormalizedBindings\xaml\UberTesters.XamarinForms.Common\UberTesters.XamarinForms.Common.csproj", "{3B2B961C-16DF-4AB0-9902-21725BC3005B}"
EndProject
Project("{FAE04EC0-301F-11D3-BF4B-00C04F79EFBC}") = "UberTesters.XamarinForms.Common.Android", "Samples\XamarinForms\NormalizedBindings\xaml\UberTesters.XamarinForms.Common.Android\UberTesters.XamarinForms.Common.Android.csproj", "{B9474AEF-2678-4E38-8FB0-AAE4E6B63CD8}"
EndProject
Project("{FAE04EC0-301F-11D3-BF4B-00C04F79EFBC}") = "UberTesters.XamarinForms.Common.iOS", "Samples\XamarinForms\NormalizedBindings\xaml\UberTesters.XamarinForms.Common.iOS\UberTesters.XamarinForms.Common.iOS.csproj", "{BEB9E152-AE97-4F8A-A1A8-15B3D8BB6364}"
EndProject
Global
	GlobalSection(SolutionConfigurationPlatforms) = preSolution
		Ad-Hoc|Any CPU = Ad-Hoc|Any CPU
		Ad-Hoc|iPhone = Ad-Hoc|iPhone
		Ad-Hoc|iPhoneSimulator = Ad-Hoc|iPhoneSimulator
		Ad-Hoc|Mixed Platforms = Ad-Hoc|Mixed Platforms
		Ad-Hoc|x86 = Ad-Hoc|x86
		AppStore|Any CPU = AppStore|Any CPU
		AppStore|iPhone = AppStore|iPhone
		AppStore|iPhoneSimulator = AppStore|iPhoneSimulator
		AppStore|Mixed Platforms = AppStore|Mixed Platforms
		AppStore|x86 = AppStore|x86
		Debug|Any CPU = Debug|Any CPU
		Debug|iPhone = Debug|iPhone
		Debug|iPhoneSimulator = Debug|iPhoneSimulator
		Debug|Mixed Platforms = Debug|Mixed Platforms
		Debug|x86 = Debug|x86
		Release|Any CPU = Release|Any CPU
		Release|iPhone = Release|iPhone
		Release|iPhoneSimulator = Release|iPhoneSimulator
		Release|Mixed Platforms = Release|Mixed Platforms
		Release|x86 = Release|x86
	EndGlobalSection
	GlobalSection(ProjectConfigurationPlatforms) = postSolution
		{3E7113BE-EC45-4F12-BEEB-F410B3842010}.Ad-Hoc|Any CPU.ActiveCfg = Release|Any CPU
		{3E7113BE-EC45-4F12-BEEB-F410B3842010}.Ad-Hoc|iPhone.ActiveCfg = Debug|Any CPU
		{3E7113BE-EC45-4F12-BEEB-F410B3842010}.Ad-Hoc|iPhone.Build.0 = Debug|Any CPU
		{3E7113BE-EC45-4F12-BEEB-F410B3842010}.Ad-Hoc|iPhoneSimulator.ActiveCfg = Release|Any CPU
		{3E7113BE-EC45-4F12-BEEB-F410B3842010}.Ad-Hoc|Mixed Platforms.ActiveCfg = Release|Any CPU
		{3E7113BE-EC45-4F12-BEEB-F410B3842010}.Ad-Hoc|x86.ActiveCfg = Release|Any CPU
		{3E7113BE-EC45-4F12-BEEB-F410B3842010}.AppStore|Any CPU.ActiveCfg = Release|Any CPU
		{3E7113BE-EC45-4F12-BEEB-F410B3842010}.AppStore|iPhone.ActiveCfg = Debug|Any CPU
		{3E7113BE-EC45-4F12-BEEB-F410B3842010}.AppStore|iPhone.Build.0 = Debug|Any CPU
		{3E7113BE-EC45-4F12-BEEB-F410B3842010}.AppStore|iPhoneSimulator.ActiveCfg = Release|Any CPU
		{3E7113BE-EC45-4F12-BEEB-F410B3842010}.AppStore|Mixed Platforms.ActiveCfg = Release|Any CPU
		{3E7113BE-EC45-4F12-BEEB-F410B3842010}.AppStore|x86.ActiveCfg = Release|Any CPU
		{3E7113BE-EC45-4F12-BEEB-F410B3842010}.Debug|Any CPU.ActiveCfg = Debug|Any CPU
		{3E7113BE-EC45-4F12-BEEB-F410B3842010}.Debug|Any CPU.Build.0 = Debug|Any CPU
		{3E7113BE-EC45-4F12-BEEB-F410B3842010}.Debug|iPhone.ActiveCfg = Debug|Any CPU
		{3E7113BE-EC45-4F12-BEEB-F410B3842010}.Debug|iPhone.Build.0 = Debug|Any CPU
		{3E7113BE-EC45-4F12-BEEB-F410B3842010}.Debug|iPhoneSimulator.ActiveCfg = Debug|Any CPU
		{3E7113BE-EC45-4F12-BEEB-F410B3842010}.Debug|iPhoneSimulator.Build.0 = Debug|Any CPU
		{3E7113BE-EC45-4F12-BEEB-F410B3842010}.Debug|Mixed Platforms.ActiveCfg = Debug|Any CPU
		{3E7113BE-EC45-4F12-BEEB-F410B3842010}.Debug|Mixed Platforms.Build.0 = Debug|Any CPU
		{3E7113BE-EC45-4F12-BEEB-F410B3842010}.Debug|x86.ActiveCfg = Debug|Any CPU
		{3E7113BE-EC45-4F12-BEEB-F410B3842010}.Release|Any CPU.ActiveCfg = Release|Any CPU
		{3E7113BE-EC45-4F12-BEEB-F410B3842010}.Release|Any CPU.Build.0 = Release|Any CPU
		{3E7113BE-EC45-4F12-BEEB-F410B3842010}.Release|iPhone.ActiveCfg = Release|Any CPU
		{3E7113BE-EC45-4F12-BEEB-F410B3842010}.Release|iPhone.Build.0 = Release|Any CPU
		{3E7113BE-EC45-4F12-BEEB-F410B3842010}.Release|iPhoneSimulator.ActiveCfg = Release|Any CPU
		{3E7113BE-EC45-4F12-BEEB-F410B3842010}.Release|iPhoneSimulator.Build.0 = Release|Any CPU
		{3E7113BE-EC45-4F12-BEEB-F410B3842010}.Release|Mixed Platforms.ActiveCfg = Release|Any CPU
		{3E7113BE-EC45-4F12-BEEB-F410B3842010}.Release|Mixed Platforms.Build.0 = Release|Any CPU
		{3E7113BE-EC45-4F12-BEEB-F410B3842010}.Release|x86.ActiveCfg = Release|Any CPU
		{7905C6AE-908B-4CB3-A4BC-F140D9B5736B}.Ad-Hoc|Any CPU.ActiveCfg = Release|Any CPU
		{7905C6AE-908B-4CB3-A4BC-F140D9B5736B}.Ad-Hoc|iPhone.ActiveCfg = Debug|Any CPU
		{7905C6AE-908B-4CB3-A4BC-F140D9B5736B}.Ad-Hoc|iPhone.Build.0 = Debug|Any CPU
		{7905C6AE-908B-4CB3-A4BC-F140D9B5736B}.Ad-Hoc|iPhoneSimulator.ActiveCfg = Release|Any CPU
		{7905C6AE-908B-4CB3-A4BC-F140D9B5736B}.Ad-Hoc|Mixed Platforms.ActiveCfg = Release|Any CPU
		{7905C6AE-908B-4CB3-A4BC-F140D9B5736B}.Ad-Hoc|x86.ActiveCfg = Release|Any CPU
		{7905C6AE-908B-4CB3-A4BC-F140D9B5736B}.AppStore|Any CPU.ActiveCfg = Release|Any CPU
		{7905C6AE-908B-4CB3-A4BC-F140D9B5736B}.AppStore|iPhone.ActiveCfg = Debug|Any CPU
		{7905C6AE-908B-4CB3-A4BC-F140D9B5736B}.AppStore|iPhone.Build.0 = Debug|Any CPU
		{7905C6AE-908B-4CB3-A4BC-F140D9B5736B}.AppStore|iPhoneSimulator.ActiveCfg = Release|Any CPU
		{7905C6AE-908B-4CB3-A4BC-F140D9B5736B}.AppStore|Mixed Platforms.ActiveCfg = Release|Any CPU
		{7905C6AE-908B-4CB3-A4BC-F140D9B5736B}.AppStore|x86.ActiveCfg = Release|Any CPU
		{7905C6AE-908B-4CB3-A4BC-F140D9B5736B}.Debug|Any CPU.ActiveCfg = Debug|Any CPU
		{7905C6AE-908B-4CB3-A4BC-F140D9B5736B}.Debug|Any CPU.Build.0 = Debug|Any CPU
		{7905C6AE-908B-4CB3-A4BC-F140D9B5736B}.Debug|iPhone.ActiveCfg = Debug|Any CPU
		{7905C6AE-908B-4CB3-A4BC-F140D9B5736B}.Debug|iPhone.Build.0 = Debug|Any CPU
		{7905C6AE-908B-4CB3-A4BC-F140D9B5736B}.Debug|iPhoneSimulator.ActiveCfg = Debug|Any CPU
		{7905C6AE-908B-4CB3-A4BC-F140D9B5736B}.Debug|iPhoneSimulator.Build.0 = Debug|Any CPU
		{7905C6AE-908B-4CB3-A4BC-F140D9B5736B}.Debug|Mixed Platforms.ActiveCfg = Debug|Any CPU
		{7905C6AE-908B-4CB3-A4BC-F140D9B5736B}.Debug|Mixed Platforms.Build.0 = Debug|Any CPU
		{7905C6AE-908B-4CB3-A4BC-F140D9B5736B}.Debug|x86.ActiveCfg = Debug|Any CPU
		{7905C6AE-908B-4CB3-A4BC-F140D9B5736B}.Release|Any CPU.ActiveCfg = Release|Any CPU
		{7905C6AE-908B-4CB3-A4BC-F140D9B5736B}.Release|Any CPU.Build.0 = Release|Any CPU
		{7905C6AE-908B-4CB3-A4BC-F140D9B5736B}.Release|iPhone.ActiveCfg = Release|Any CPU
		{7905C6AE-908B-4CB3-A4BC-F140D9B5736B}.Release|iPhone.Build.0 = Release|Any CPU
		{7905C6AE-908B-4CB3-A4BC-F140D9B5736B}.Release|iPhoneSimulator.ActiveCfg = Release|Any CPU
		{7905C6AE-908B-4CB3-A4BC-F140D9B5736B}.Release|iPhoneSimulator.Build.0 = Release|Any CPU
		{7905C6AE-908B-4CB3-A4BC-F140D9B5736B}.Release|Mixed Platforms.ActiveCfg = Release|Any CPU
		{7905C6AE-908B-4CB3-A4BC-F140D9B5736B}.Release|Mixed Platforms.Build.0 = Release|Any CPU
		{7905C6AE-908B-4CB3-A4BC-F140D9B5736B}.Release|x86.ActiveCfg = Release|Any CPU
		{E8A0187A-CE14-4967-933C-333F1664647F}.Ad-Hoc|Any CPU.ActiveCfg = Release|x86
		{E8A0187A-CE14-4967-933C-333F1664647F}.Ad-Hoc|iPhone.ActiveCfg = Debug|x86
		{E8A0187A-CE14-4967-933C-333F1664647F}.Ad-Hoc|iPhone.Build.0 = Debug|x86
		{E8A0187A-CE14-4967-933C-333F1664647F}.Ad-Hoc|iPhoneSimulator.ActiveCfg = Release|x86
		{E8A0187A-CE14-4967-933C-333F1664647F}.Ad-Hoc|Mixed Platforms.ActiveCfg = Release|x86
		{E8A0187A-CE14-4967-933C-333F1664647F}.Ad-Hoc|x86.ActiveCfg = Release|x86
		{E8A0187A-CE14-4967-933C-333F1664647F}.AppStore|Any CPU.ActiveCfg = Release|x86
		{E8A0187A-CE14-4967-933C-333F1664647F}.AppStore|iPhone.ActiveCfg = Debug|x86
		{E8A0187A-CE14-4967-933C-333F1664647F}.AppStore|iPhone.Build.0 = Debug|x86
		{E8A0187A-CE14-4967-933C-333F1664647F}.AppStore|iPhoneSimulator.ActiveCfg = Release|x86
		{E8A0187A-CE14-4967-933C-333F1664647F}.AppStore|Mixed Platforms.ActiveCfg = Release|x86
		{E8A0187A-CE14-4967-933C-333F1664647F}.AppStore|x86.ActiveCfg = Release|x86
		{E8A0187A-CE14-4967-933C-333F1664647F}.Debug|Any CPU.ActiveCfg = Debug|x86
		{E8A0187A-CE14-4967-933C-333F1664647F}.Debug|iPhone.ActiveCfg = Debug|x86
		{E8A0187A-CE14-4967-933C-333F1664647F}.Debug|iPhone.Build.0 = Debug|x86
		{E8A0187A-CE14-4967-933C-333F1664647F}.Debug|iPhoneSimulator.ActiveCfg = Debug|x86
		{E8A0187A-CE14-4967-933C-333F1664647F}.Debug|iPhoneSimulator.Build.0 = Debug|x86
		{E8A0187A-CE14-4967-933C-333F1664647F}.Debug|Mixed Platforms.ActiveCfg = Debug|x86
		{E8A0187A-CE14-4967-933C-333F1664647F}.Debug|Mixed Platforms.Build.0 = Debug|x86
		{E8A0187A-CE14-4967-933C-333F1664647F}.Debug|x86.ActiveCfg = Debug|x86
		{E8A0187A-CE14-4967-933C-333F1664647F}.Debug|x86.Build.0 = Debug|x86
		{E8A0187A-CE14-4967-933C-333F1664647F}.Release|Any CPU.ActiveCfg = Release|x86
		{E8A0187A-CE14-4967-933C-333F1664647F}.Release|iPhone.ActiveCfg = Release|x86
		{E8A0187A-CE14-4967-933C-333F1664647F}.Release|iPhone.Build.0 = Release|x86
		{E8A0187A-CE14-4967-933C-333F1664647F}.Release|iPhoneSimulator.ActiveCfg = Release|x86
		{E8A0187A-CE14-4967-933C-333F1664647F}.Release|iPhoneSimulator.Build.0 = Release|x86
		{E8A0187A-CE14-4967-933C-333F1664647F}.Release|Mixed Platforms.ActiveCfg = Release|x86
		{E8A0187A-CE14-4967-933C-333F1664647F}.Release|Mixed Platforms.Build.0 = Release|x86
		{E8A0187A-CE14-4967-933C-333F1664647F}.Release|x86.ActiveCfg = Release|x86
		{E8A0187A-CE14-4967-933C-333F1664647F}.Release|x86.Build.0 = Release|x86
		{382684C5-8B53-4B1D-9478-A05511C9B0ED}.Ad-Hoc|Any CPU.ActiveCfg = Release|x86
		{382684C5-8B53-4B1D-9478-A05511C9B0ED}.Ad-Hoc|iPhone.ActiveCfg = Debug|x86
		{382684C5-8B53-4B1D-9478-A05511C9B0ED}.Ad-Hoc|iPhone.Build.0 = Debug|x86
		{382684C5-8B53-4B1D-9478-A05511C9B0ED}.Ad-Hoc|iPhoneSimulator.ActiveCfg = Release|x86
		{382684C5-8B53-4B1D-9478-A05511C9B0ED}.Ad-Hoc|Mixed Platforms.ActiveCfg = Release|x86
		{382684C5-8B53-4B1D-9478-A05511C9B0ED}.Ad-Hoc|x86.ActiveCfg = Release|x86
		{382684C5-8B53-4B1D-9478-A05511C9B0ED}.AppStore|Any CPU.ActiveCfg = Release|x86
		{382684C5-8B53-4B1D-9478-A05511C9B0ED}.AppStore|iPhone.ActiveCfg = Debug|x86
		{382684C5-8B53-4B1D-9478-A05511C9B0ED}.AppStore|iPhone.Build.0 = Debug|x86
		{382684C5-8B53-4B1D-9478-A05511C9B0ED}.AppStore|iPhoneSimulator.ActiveCfg = Release|x86
		{382684C5-8B53-4B1D-9478-A05511C9B0ED}.AppStore|Mixed Platforms.ActiveCfg = Release|x86
		{382684C5-8B53-4B1D-9478-A05511C9B0ED}.AppStore|x86.ActiveCfg = Release|x86
		{382684C5-8B53-4B1D-9478-A05511C9B0ED}.Debug|Any CPU.ActiveCfg = Debug|x86
		{382684C5-8B53-4B1D-9478-A05511C9B0ED}.Debug|iPhone.ActiveCfg = Debug|x86
		{382684C5-8B53-4B1D-9478-A05511C9B0ED}.Debug|iPhone.Build.0 = Debug|x86
		{382684C5-8B53-4B1D-9478-A05511C9B0ED}.Debug|iPhoneSimulator.ActiveCfg = Debug|x86
		{382684C5-8B53-4B1D-9478-A05511C9B0ED}.Debug|iPhoneSimulator.Build.0 = Debug|x86
		{382684C5-8B53-4B1D-9478-A05511C9B0ED}.Debug|Mixed Platforms.ActiveCfg = Debug|x86
		{382684C5-8B53-4B1D-9478-A05511C9B0ED}.Debug|Mixed Platforms.Build.0 = Debug|x86
		{382684C5-8B53-4B1D-9478-A05511C9B0ED}.Debug|x86.ActiveCfg = Debug|x86
		{382684C5-8B53-4B1D-9478-A05511C9B0ED}.Debug|x86.Build.0 = Debug|x86
		{382684C5-8B53-4B1D-9478-A05511C9B0ED}.Release|Any CPU.ActiveCfg = Release|x86
		{382684C5-8B53-4B1D-9478-A05511C9B0ED}.Release|iPhone.ActiveCfg = Release|x86
		{382684C5-8B53-4B1D-9478-A05511C9B0ED}.Release|iPhone.Build.0 = Release|x86
		{382684C5-8B53-4B1D-9478-A05511C9B0ED}.Release|iPhoneSimulator.ActiveCfg = Release|x86
		{382684C5-8B53-4B1D-9478-A05511C9B0ED}.Release|iPhoneSimulator.Build.0 = Release|x86
		{382684C5-8B53-4B1D-9478-A05511C9B0ED}.Release|Mixed Platforms.ActiveCfg = Release|x86
		{382684C5-8B53-4B1D-9478-A05511C9B0ED}.Release|Mixed Platforms.Build.0 = Release|x86
		{382684C5-8B53-4B1D-9478-A05511C9B0ED}.Release|x86.ActiveCfg = Release|x86
		{382684C5-8B53-4B1D-9478-A05511C9B0ED}.Release|x86.Build.0 = Release|x86
		{D889FC48-FF35-4B4C-BE59-7E9095D46F56}.Ad-Hoc|Any CPU.ActiveCfg = Release|Any CPU
		{D889FC48-FF35-4B4C-BE59-7E9095D46F56}.Ad-Hoc|iPhone.ActiveCfg = Debug|Any CPU
		{D889FC48-FF35-4B4C-BE59-7E9095D46F56}.Ad-Hoc|iPhone.Build.0 = Debug|Any CPU
		{D889FC48-FF35-4B4C-BE59-7E9095D46F56}.Ad-Hoc|iPhoneSimulator.ActiveCfg = Release|Any CPU
		{D889FC48-FF35-4B4C-BE59-7E9095D46F56}.Ad-Hoc|Mixed Platforms.ActiveCfg = Release|Any CPU
		{D889FC48-FF35-4B4C-BE59-7E9095D46F56}.Ad-Hoc|x86.ActiveCfg = Release|Any CPU
		{D889FC48-FF35-4B4C-BE59-7E9095D46F56}.AppStore|Any CPU.ActiveCfg = Release|Any CPU
		{D889FC48-FF35-4B4C-BE59-7E9095D46F56}.AppStore|iPhone.ActiveCfg = Debug|Any CPU
		{D889FC48-FF35-4B4C-BE59-7E9095D46F56}.AppStore|iPhone.Build.0 = Debug|Any CPU
		{D889FC48-FF35-4B4C-BE59-7E9095D46F56}.AppStore|iPhoneSimulator.ActiveCfg = Release|Any CPU
		{D889FC48-FF35-4B4C-BE59-7E9095D46F56}.AppStore|Mixed Platforms.ActiveCfg = Release|Any CPU
		{D889FC48-FF35-4B4C-BE59-7E9095D46F56}.AppStore|x86.ActiveCfg = Release|Any CPU
		{D889FC48-FF35-4B4C-BE59-7E9095D46F56}.Debug|Any CPU.ActiveCfg = Debug|Any CPU
		{D889FC48-FF35-4B4C-BE59-7E9095D46F56}.Debug|Any CPU.Build.0 = Debug|Any CPU
		{D889FC48-FF35-4B4C-BE59-7E9095D46F56}.Debug|iPhone.ActiveCfg = Debug|Any CPU
		{D889FC48-FF35-4B4C-BE59-7E9095D46F56}.Debug|iPhone.Build.0 = Debug|Any CPU
		{D889FC48-FF35-4B4C-BE59-7E9095D46F56}.Debug|iPhoneSimulator.ActiveCfg = Debug|Any CPU
		{D889FC48-FF35-4B4C-BE59-7E9095D46F56}.Debug|iPhoneSimulator.Build.0 = Debug|Any CPU
		{D889FC48-FF35-4B4C-BE59-7E9095D46F56}.Debug|Mixed Platforms.ActiveCfg = Debug|Any CPU
		{D889FC48-FF35-4B4C-BE59-7E9095D46F56}.Debug|Mixed Platforms.Build.0 = Debug|Any CPU
		{D889FC48-FF35-4B4C-BE59-7E9095D46F56}.Debug|x86.ActiveCfg = Debug|Any CPU
		{D889FC48-FF35-4B4C-BE59-7E9095D46F56}.Release|Any CPU.ActiveCfg = Release|Any CPU
		{D889FC48-FF35-4B4C-BE59-7E9095D46F56}.Release|Any CPU.Build.0 = Release|Any CPU
		{D889FC48-FF35-4B4C-BE59-7E9095D46F56}.Release|iPhone.ActiveCfg = Release|Any CPU
		{D889FC48-FF35-4B4C-BE59-7E9095D46F56}.Release|iPhone.Build.0 = Release|Any CPU
		{D889FC48-FF35-4B4C-BE59-7E9095D46F56}.Release|iPhoneSimulator.ActiveCfg = Release|Any CPU
		{D889FC48-FF35-4B4C-BE59-7E9095D46F56}.Release|iPhoneSimulator.Build.0 = Release|Any CPU
		{D889FC48-FF35-4B4C-BE59-7E9095D46F56}.Release|Mixed Platforms.ActiveCfg = Release|Any CPU
		{D889FC48-FF35-4B4C-BE59-7E9095D46F56}.Release|Mixed Platforms.Build.0 = Release|Any CPU
		{D889FC48-FF35-4B4C-BE59-7E9095D46F56}.Release|x86.ActiveCfg = Release|Any CPU
		{12B14F26-D7E3-49FF-B62A-B6A5A9512AAF}.Ad-Hoc|Any CPU.ActiveCfg = Release|Any CPU
		{12B14F26-D7E3-49FF-B62A-B6A5A9512AAF}.Ad-Hoc|iPhone.ActiveCfg = Debug|Any CPU
		{12B14F26-D7E3-49FF-B62A-B6A5A9512AAF}.Ad-Hoc|iPhone.Build.0 = Debug|Any CPU
		{12B14F26-D7E3-49FF-B62A-B6A5A9512AAF}.Ad-Hoc|iPhoneSimulator.ActiveCfg = Release|Any CPU
		{12B14F26-D7E3-49FF-B62A-B6A5A9512AAF}.Ad-Hoc|Mixed Platforms.ActiveCfg = Release|Any CPU
		{12B14F26-D7E3-49FF-B62A-B6A5A9512AAF}.Ad-Hoc|x86.ActiveCfg = Release|Any CPU
		{12B14F26-D7E3-49FF-B62A-B6A5A9512AAF}.AppStore|Any CPU.ActiveCfg = Release|Any CPU
		{12B14F26-D7E3-49FF-B62A-B6A5A9512AAF}.AppStore|iPhone.ActiveCfg = Debug|Any CPU
		{12B14F26-D7E3-49FF-B62A-B6A5A9512AAF}.AppStore|iPhone.Build.0 = Debug|Any CPU
		{12B14F26-D7E3-49FF-B62A-B6A5A9512AAF}.AppStore|iPhoneSimulator.ActiveCfg = Release|Any CPU
		{12B14F26-D7E3-49FF-B62A-B6A5A9512AAF}.AppStore|Mixed Platforms.ActiveCfg = Release|Any CPU
		{12B14F26-D7E3-49FF-B62A-B6A5A9512AAF}.AppStore|x86.ActiveCfg = Release|Any CPU
		{12B14F26-D7E3-49FF-B62A-B6A5A9512AAF}.Debug|Any CPU.ActiveCfg = Debug|Any CPU
		{12B14F26-D7E3-49FF-B62A-B6A5A9512AAF}.Debug|Any CPU.Build.0 = Debug|Any CPU
		{12B14F26-D7E3-49FF-B62A-B6A5A9512AAF}.Debug|iPhone.ActiveCfg = Debug|Any CPU
		{12B14F26-D7E3-49FF-B62A-B6A5A9512AAF}.Debug|iPhone.Build.0 = Debug|Any CPU
		{12B14F26-D7E3-49FF-B62A-B6A5A9512AAF}.Debug|iPhoneSimulator.ActiveCfg = Debug|Any CPU
		{12B14F26-D7E3-49FF-B62A-B6A5A9512AAF}.Debug|iPhoneSimulator.Build.0 = Debug|Any CPU
		{12B14F26-D7E3-49FF-B62A-B6A5A9512AAF}.Debug|Mixed Platforms.ActiveCfg = Debug|Any CPU
		{12B14F26-D7E3-49FF-B62A-B6A5A9512AAF}.Debug|Mixed Platforms.Build.0 = Debug|Any CPU
		{12B14F26-D7E3-49FF-B62A-B6A5A9512AAF}.Debug|x86.ActiveCfg = Debug|Any CPU
		{12B14F26-D7E3-49FF-B62A-B6A5A9512AAF}.Release|Any CPU.ActiveCfg = Release|Any CPU
		{12B14F26-D7E3-49FF-B62A-B6A5A9512AAF}.Release|Any CPU.Build.0 = Release|Any CPU
		{12B14F26-D7E3-49FF-B62A-B6A5A9512AAF}.Release|iPhone.ActiveCfg = Release|Any CPU
		{12B14F26-D7E3-49FF-B62A-B6A5A9512AAF}.Release|iPhone.Build.0 = Release|Any CPU
		{12B14F26-D7E3-49FF-B62A-B6A5A9512AAF}.Release|iPhoneSimulator.ActiveCfg = Release|Any CPU
		{12B14F26-D7E3-49FF-B62A-B6A5A9512AAF}.Release|iPhoneSimulator.Build.0 = Release|Any CPU
		{12B14F26-D7E3-49FF-B62A-B6A5A9512AAF}.Release|Mixed Platforms.ActiveCfg = Release|Any CPU
		{12B14F26-D7E3-49FF-B62A-B6A5A9512AAF}.Release|Mixed Platforms.Build.0 = Release|Any CPU
		{12B14F26-D7E3-49FF-B62A-B6A5A9512AAF}.Release|x86.ActiveCfg = Release|Any CPU
		{DEB70E69-E189-4EC0-A176-138A479EBDF3}.Ad-Hoc|Any CPU.ActiveCfg = Release|Any CPU
		{DEB70E69-E189-4EC0-A176-138A479EBDF3}.Ad-Hoc|iPhone.ActiveCfg = Debug|Any CPU
		{DEB70E69-E189-4EC0-A176-138A479EBDF3}.Ad-Hoc|iPhone.Build.0 = Debug|Any CPU
		{DEB70E69-E189-4EC0-A176-138A479EBDF3}.Ad-Hoc|iPhoneSimulator.ActiveCfg = Release|Any CPU
		{DEB70E69-E189-4EC0-A176-138A479EBDF3}.Ad-Hoc|Mixed Platforms.ActiveCfg = Release|Any CPU
		{DEB70E69-E189-4EC0-A176-138A479EBDF3}.Ad-Hoc|x86.ActiveCfg = Release|Any CPU
		{DEB70E69-E189-4EC0-A176-138A479EBDF3}.AppStore|Any CPU.ActiveCfg = Release|Any CPU
		{DEB70E69-E189-4EC0-A176-138A479EBDF3}.AppStore|iPhone.ActiveCfg = Debug|Any CPU
		{DEB70E69-E189-4EC0-A176-138A479EBDF3}.AppStore|iPhone.Build.0 = Debug|Any CPU
		{DEB70E69-E189-4EC0-A176-138A479EBDF3}.AppStore|iPhoneSimulator.ActiveCfg = Release|Any CPU
		{DEB70E69-E189-4EC0-A176-138A479EBDF3}.AppStore|Mixed Platforms.ActiveCfg = Release|Any CPU
		{DEB70E69-E189-4EC0-A176-138A479EBDF3}.AppStore|x86.ActiveCfg = Release|Any CPU
		{DEB70E69-E189-4EC0-A176-138A479EBDF3}.Debug|Any CPU.ActiveCfg = Debug|Any CPU
		{DEB70E69-E189-4EC0-A176-138A479EBDF3}.Debug|Any CPU.Build.0 = Debug|Any CPU
		{DEB70E69-E189-4EC0-A176-138A479EBDF3}.Debug|iPhone.ActiveCfg = Debug|Any CPU
		{DEB70E69-E189-4EC0-A176-138A479EBDF3}.Debug|iPhone.Build.0 = Debug|Any CPU
		{DEB70E69-E189-4EC0-A176-138A479EBDF3}.Debug|iPhoneSimulator.ActiveCfg = Debug|Any CPU
		{DEB70E69-E189-4EC0-A176-138A479EBDF3}.Debug|iPhoneSimulator.Build.0 = Debug|Any CPU
		{DEB70E69-E189-4EC0-A176-138A479EBDF3}.Debug|Mixed Platforms.ActiveCfg = Debug|Any CPU
		{DEB70E69-E189-4EC0-A176-138A479EBDF3}.Debug|Mixed Platforms.Build.0 = Debug|Any CPU
		{DEB70E69-E189-4EC0-A176-138A479EBDF3}.Debug|x86.ActiveCfg = Debug|Any CPU
		{DEB70E69-E189-4EC0-A176-138A479EBDF3}.Release|Any CPU.ActiveCfg = Release|Any CPU
		{DEB70E69-E189-4EC0-A176-138A479EBDF3}.Release|Any CPU.Build.0 = Release|Any CPU
		{DEB70E69-E189-4EC0-A176-138A479EBDF3}.Release|iPhone.ActiveCfg = Release|Any CPU
		{DEB70E69-E189-4EC0-A176-138A479EBDF3}.Release|iPhone.Build.0 = Release|Any CPU
		{DEB70E69-E189-4EC0-A176-138A479EBDF3}.Release|iPhoneSimulator.ActiveCfg = Release|Any CPU
		{DEB70E69-E189-4EC0-A176-138A479EBDF3}.Release|iPhoneSimulator.Build.0 = Release|Any CPU
		{DEB70E69-E189-4EC0-A176-138A479EBDF3}.Release|Mixed Platforms.ActiveCfg = Release|Any CPU
		{DEB70E69-E189-4EC0-A176-138A479EBDF3}.Release|Mixed Platforms.Build.0 = Release|Any CPU
		{DEB70E69-E189-4EC0-A176-138A479EBDF3}.Release|x86.ActiveCfg = Release|Any CPU
		{00802F28-5A55-4B52-AADA-3AD01407BED4}.Ad-Hoc|Any CPU.ActiveCfg = Release|Any CPU
		{00802F28-5A55-4B52-AADA-3AD01407BED4}.Ad-Hoc|iPhone.ActiveCfg = Debug|Any CPU
		{00802F28-5A55-4B52-AADA-3AD01407BED4}.Ad-Hoc|iPhone.Build.0 = Debug|Any CPU
		{00802F28-5A55-4B52-AADA-3AD01407BED4}.Ad-Hoc|iPhoneSimulator.ActiveCfg = Release|Any CPU
		{00802F28-5A55-4B52-AADA-3AD01407BED4}.Ad-Hoc|Mixed Platforms.ActiveCfg = Release|Any CPU
		{00802F28-5A55-4B52-AADA-3AD01407BED4}.Ad-Hoc|x86.ActiveCfg = Release|Any CPU
		{00802F28-5A55-4B52-AADA-3AD01407BED4}.AppStore|Any CPU.ActiveCfg = Release|Any CPU
		{00802F28-5A55-4B52-AADA-3AD01407BED4}.AppStore|iPhone.ActiveCfg = Debug|Any CPU
		{00802F28-5A55-4B52-AADA-3AD01407BED4}.AppStore|iPhone.Build.0 = Debug|Any CPU
		{00802F28-5A55-4B52-AADA-3AD01407BED4}.AppStore|iPhoneSimulator.ActiveCfg = Release|Any CPU
		{00802F28-5A55-4B52-AADA-3AD01407BED4}.AppStore|Mixed Platforms.ActiveCfg = Release|Any CPU
		{00802F28-5A55-4B52-AADA-3AD01407BED4}.AppStore|x86.ActiveCfg = Release|Any CPU
		{00802F28-5A55-4B52-AADA-3AD01407BED4}.Debug|Any CPU.ActiveCfg = Debug|Any CPU
		{00802F28-5A55-4B52-AADA-3AD01407BED4}.Debug|Any CPU.Build.0 = Debug|Any CPU
		{00802F28-5A55-4B52-AADA-3AD01407BED4}.Debug|iPhone.ActiveCfg = Debug|Any CPU
		{00802F28-5A55-4B52-AADA-3AD01407BED4}.Debug|iPhone.Build.0 = Debug|Any CPU
		{00802F28-5A55-4B52-AADA-3AD01407BED4}.Debug|iPhoneSimulator.ActiveCfg = Debug|Any CPU
		{00802F28-5A55-4B52-AADA-3AD01407BED4}.Debug|iPhoneSimulator.Build.0 = Debug|Any CPU
		{00802F28-5A55-4B52-AADA-3AD01407BED4}.Debug|Mixed Platforms.ActiveCfg = Debug|Any CPU
		{00802F28-5A55-4B52-AADA-3AD01407BED4}.Debug|Mixed Platforms.Build.0 = Debug|Any CPU
		{00802F28-5A55-4B52-AADA-3AD01407BED4}.Debug|x86.ActiveCfg = Debug|Any CPU
		{00802F28-5A55-4B52-AADA-3AD01407BED4}.Release|Any CPU.ActiveCfg = Release|Any CPU
		{00802F28-5A55-4B52-AADA-3AD01407BED4}.Release|Any CPU.Build.0 = Release|Any CPU
		{00802F28-5A55-4B52-AADA-3AD01407BED4}.Release|iPhone.ActiveCfg = Release|Any CPU
		{00802F28-5A55-4B52-AADA-3AD01407BED4}.Release|iPhone.Build.0 = Release|Any CPU
		{00802F28-5A55-4B52-AADA-3AD01407BED4}.Release|iPhoneSimulator.ActiveCfg = Release|Any CPU
		{00802F28-5A55-4B52-AADA-3AD01407BED4}.Release|iPhoneSimulator.Build.0 = Release|Any CPU
		{00802F28-5A55-4B52-AADA-3AD01407BED4}.Release|Mixed Platforms.ActiveCfg = Release|Any CPU
		{00802F28-5A55-4B52-AADA-3AD01407BED4}.Release|Mixed Platforms.Build.0 = Release|Any CPU
		{00802F28-5A55-4B52-AADA-3AD01407BED4}.Release|x86.ActiveCfg = Release|Any CPU
		{7D2A4FBC-B67D-4060-BF38-BB4D3DE70402}.Ad-Hoc|Any CPU.ActiveCfg = Release|Any CPU
		{7D2A4FBC-B67D-4060-BF38-BB4D3DE70402}.Ad-Hoc|iPhone.ActiveCfg = Debug|Any CPU
		{7D2A4FBC-B67D-4060-BF38-BB4D3DE70402}.Ad-Hoc|iPhone.Build.0 = Debug|Any CPU
		{7D2A4FBC-B67D-4060-BF38-BB4D3DE70402}.Ad-Hoc|iPhoneSimulator.ActiveCfg = Release|Any CPU
		{7D2A4FBC-B67D-4060-BF38-BB4D3DE70402}.Ad-Hoc|Mixed Platforms.ActiveCfg = Release|Any CPU
		{7D2A4FBC-B67D-4060-BF38-BB4D3DE70402}.Ad-Hoc|x86.ActiveCfg = Release|Any CPU
		{7D2A4FBC-B67D-4060-BF38-BB4D3DE70402}.AppStore|Any CPU.ActiveCfg = Release|Any CPU
		{7D2A4FBC-B67D-4060-BF38-BB4D3DE70402}.AppStore|iPhone.ActiveCfg = Debug|Any CPU
		{7D2A4FBC-B67D-4060-BF38-BB4D3DE70402}.AppStore|iPhone.Build.0 = Debug|Any CPU
		{7D2A4FBC-B67D-4060-BF38-BB4D3DE70402}.AppStore|iPhoneSimulator.ActiveCfg = Release|Any CPU
		{7D2A4FBC-B67D-4060-BF38-BB4D3DE70402}.AppStore|Mixed Platforms.ActiveCfg = Release|Any CPU
		{7D2A4FBC-B67D-4060-BF38-BB4D3DE70402}.AppStore|x86.ActiveCfg = Release|Any CPU
		{7D2A4FBC-B67D-4060-BF38-BB4D3DE70402}.Debug|Any CPU.ActiveCfg = Debug|Any CPU
		{7D2A4FBC-B67D-4060-BF38-BB4D3DE70402}.Debug|Any CPU.Build.0 = Debug|Any CPU
		{7D2A4FBC-B67D-4060-BF38-BB4D3DE70402}.Debug|iPhone.ActiveCfg = Debug|Any CPU
		{7D2A4FBC-B67D-4060-BF38-BB4D3DE70402}.Debug|iPhone.Build.0 = Debug|Any CPU
		{7D2A4FBC-B67D-4060-BF38-BB4D3DE70402}.Debug|iPhoneSimulator.ActiveCfg = Debug|Any CPU
		{7D2A4FBC-B67D-4060-BF38-BB4D3DE70402}.Debug|iPhoneSimulator.Build.0 = Debug|Any CPU
		{7D2A4FBC-B67D-4060-BF38-BB4D3DE70402}.Debug|Mixed Platforms.ActiveCfg = Debug|Any CPU
		{7D2A4FBC-B67D-4060-BF38-BB4D3DE70402}.Debug|Mixed Platforms.Build.0 = Debug|Any CPU
		{7D2A4FBC-B67D-4060-BF38-BB4D3DE70402}.Debug|x86.ActiveCfg = Debug|Any CPU
		{7D2A4FBC-B67D-4060-BF38-BB4D3DE70402}.Release|Any CPU.ActiveCfg = Release|Any CPU
		{7D2A4FBC-B67D-4060-BF38-BB4D3DE70402}.Release|Any CPU.Build.0 = Release|Any CPU
		{7D2A4FBC-B67D-4060-BF38-BB4D3DE70402}.Release|iPhone.ActiveCfg = Release|Any CPU
		{7D2A4FBC-B67D-4060-BF38-BB4D3DE70402}.Release|iPhone.Build.0 = Release|Any CPU
		{7D2A4FBC-B67D-4060-BF38-BB4D3DE70402}.Release|iPhoneSimulator.ActiveCfg = Release|Any CPU
		{7D2A4FBC-B67D-4060-BF38-BB4D3DE70402}.Release|iPhoneSimulator.Build.0 = Release|Any CPU
		{7D2A4FBC-B67D-4060-BF38-BB4D3DE70402}.Release|Mixed Platforms.ActiveCfg = Release|Any CPU
		{7D2A4FBC-B67D-4060-BF38-BB4D3DE70402}.Release|Mixed Platforms.Build.0 = Release|Any CPU
		{7D2A4FBC-B67D-4060-BF38-BB4D3DE70402}.Release|x86.ActiveCfg = Release|Any CPU
		{0E0C49B6-764A-48C7-BAA7-AD5FB33C4185}.Ad-Hoc|Any CPU.ActiveCfg = Release|Any CPU
		{0E0C49B6-764A-48C7-BAA7-AD5FB33C4185}.Ad-Hoc|iPhone.ActiveCfg = Debug|Any CPU
		{0E0C49B6-764A-48C7-BAA7-AD5FB33C4185}.Ad-Hoc|iPhone.Build.0 = Debug|Any CPU
		{0E0C49B6-764A-48C7-BAA7-AD5FB33C4185}.Ad-Hoc|iPhoneSimulator.ActiveCfg = Release|Any CPU
		{0E0C49B6-764A-48C7-BAA7-AD5FB33C4185}.Ad-Hoc|Mixed Platforms.ActiveCfg = Release|Any CPU
		{0E0C49B6-764A-48C7-BAA7-AD5FB33C4185}.Ad-Hoc|x86.ActiveCfg = Release|Any CPU
		{0E0C49B6-764A-48C7-BAA7-AD5FB33C4185}.AppStore|Any CPU.ActiveCfg = Release|Any CPU
		{0E0C49B6-764A-48C7-BAA7-AD5FB33C4185}.AppStore|iPhone.ActiveCfg = Debug|Any CPU
		{0E0C49B6-764A-48C7-BAA7-AD5FB33C4185}.AppStore|iPhone.Build.0 = Debug|Any CPU
		{0E0C49B6-764A-48C7-BAA7-AD5FB33C4185}.AppStore|iPhoneSimulator.ActiveCfg = Release|Any CPU
		{0E0C49B6-764A-48C7-BAA7-AD5FB33C4185}.AppStore|Mixed Platforms.ActiveCfg = Release|Any CPU
		{0E0C49B6-764A-48C7-BAA7-AD5FB33C4185}.AppStore|x86.ActiveCfg = Release|Any CPU
		{0E0C49B6-764A-48C7-BAA7-AD5FB33C4185}.Debug|Any CPU.ActiveCfg = Debug|Any CPU
		{0E0C49B6-764A-48C7-BAA7-AD5FB33C4185}.Debug|Any CPU.Build.0 = Debug|Any CPU
		{0E0C49B6-764A-48C7-BAA7-AD5FB33C4185}.Debug|iPhone.ActiveCfg = Debug|Any CPU
		{0E0C49B6-764A-48C7-BAA7-AD5FB33C4185}.Debug|iPhone.Build.0 = Debug|Any CPU
		{0E0C49B6-764A-48C7-BAA7-AD5FB33C4185}.Debug|iPhoneSimulator.ActiveCfg = Debug|Any CPU
		{0E0C49B6-764A-48C7-BAA7-AD5FB33C4185}.Debug|iPhoneSimulator.Build.0 = Debug|Any CPU
		{0E0C49B6-764A-48C7-BAA7-AD5FB33C4185}.Debug|Mixed Platforms.ActiveCfg = Debug|Any CPU
		{0E0C49B6-764A-48C7-BAA7-AD5FB33C4185}.Debug|Mixed Platforms.Build.0 = Debug|Any CPU
		{0E0C49B6-764A-48C7-BAA7-AD5FB33C4185}.Debug|x86.ActiveCfg = Debug|Any CPU
		{0E0C49B6-764A-48C7-BAA7-AD5FB33C4185}.Release|Any CPU.ActiveCfg = Release|Any CPU
		{0E0C49B6-764A-48C7-BAA7-AD5FB33C4185}.Release|Any CPU.Build.0 = Release|Any CPU
		{0E0C49B6-764A-48C7-BAA7-AD5FB33C4185}.Release|iPhone.ActiveCfg = Release|Any CPU
		{0E0C49B6-764A-48C7-BAA7-AD5FB33C4185}.Release|iPhone.Build.0 = Release|Any CPU
		{0E0C49B6-764A-48C7-BAA7-AD5FB33C4185}.Release|iPhoneSimulator.ActiveCfg = Release|Any CPU
		{0E0C49B6-764A-48C7-BAA7-AD5FB33C4185}.Release|iPhoneSimulator.Build.0 = Release|Any CPU
		{0E0C49B6-764A-48C7-BAA7-AD5FB33C4185}.Release|Mixed Platforms.ActiveCfg = Release|Any CPU
		{0E0C49B6-764A-48C7-BAA7-AD5FB33C4185}.Release|Mixed Platforms.Build.0 = Release|Any CPU
		{0E0C49B6-764A-48C7-BAA7-AD5FB33C4185}.Release|x86.ActiveCfg = Release|Any CPU
		{5C538F7D-AD38-4E0B-9602-CFF3932D0FFC}.Ad-Hoc|Any CPU.ActiveCfg = Release|Any CPU
		{5C538F7D-AD38-4E0B-9602-CFF3932D0FFC}.Ad-Hoc|Any CPU.Build.0 = Release|Any CPU
		{5C538F7D-AD38-4E0B-9602-CFF3932D0FFC}.Ad-Hoc|iPhone.ActiveCfg = Release|Any CPU
		{5C538F7D-AD38-4E0B-9602-CFF3932D0FFC}.Ad-Hoc|iPhoneSimulator.ActiveCfg = Release|Any CPU
		{5C538F7D-AD38-4E0B-9602-CFF3932D0FFC}.Ad-Hoc|Mixed Platforms.ActiveCfg = Release|Any CPU
		{5C538F7D-AD38-4E0B-9602-CFF3932D0FFC}.Ad-Hoc|Mixed Platforms.Build.0 = Release|Any CPU
		{5C538F7D-AD38-4E0B-9602-CFF3932D0FFC}.Ad-Hoc|x86.ActiveCfg = Release|Any CPU
		{5C538F7D-AD38-4E0B-9602-CFF3932D0FFC}.AppStore|Any CPU.ActiveCfg = Release|Any CPU
		{5C538F7D-AD38-4E0B-9602-CFF3932D0FFC}.AppStore|Any CPU.Build.0 = Release|Any CPU
		{5C538F7D-AD38-4E0B-9602-CFF3932D0FFC}.AppStore|iPhone.ActiveCfg = Release|Any CPU
		{5C538F7D-AD38-4E0B-9602-CFF3932D0FFC}.AppStore|iPhoneSimulator.ActiveCfg = Release|Any CPU
		{5C538F7D-AD38-4E0B-9602-CFF3932D0FFC}.AppStore|Mixed Platforms.ActiveCfg = Release|Any CPU
		{5C538F7D-AD38-4E0B-9602-CFF3932D0FFC}.AppStore|Mixed Platforms.Build.0 = Release|Any CPU
		{5C538F7D-AD38-4E0B-9602-CFF3932D0FFC}.AppStore|x86.ActiveCfg = Release|Any CPU
		{5C538F7D-AD38-4E0B-9602-CFF3932D0FFC}.Debug|Any CPU.ActiveCfg = Debug|Any CPU
		{5C538F7D-AD38-4E0B-9602-CFF3932D0FFC}.Debug|Any CPU.Build.0 = Debug|Any CPU
		{5C538F7D-AD38-4E0B-9602-CFF3932D0FFC}.Debug|iPhone.ActiveCfg = Debug|Any CPU
		{5C538F7D-AD38-4E0B-9602-CFF3932D0FFC}.Debug|iPhoneSimulator.ActiveCfg = Debug|Any CPU
		{5C538F7D-AD38-4E0B-9602-CFF3932D0FFC}.Debug|Mixed Platforms.ActiveCfg = Debug|Any CPU
		{5C538F7D-AD38-4E0B-9602-CFF3932D0FFC}.Debug|Mixed Platforms.Build.0 = Debug|Any CPU
		{5C538F7D-AD38-4E0B-9602-CFF3932D0FFC}.Debug|x86.ActiveCfg = Debug|Any CPU
		{5C538F7D-AD38-4E0B-9602-CFF3932D0FFC}.Release|Any CPU.ActiveCfg = Release|Any CPU
		{5C538F7D-AD38-4E0B-9602-CFF3932D0FFC}.Release|Any CPU.Build.0 = Release|Any CPU
		{5C538F7D-AD38-4E0B-9602-CFF3932D0FFC}.Release|iPhone.ActiveCfg = Release|Any CPU
		{5C538F7D-AD38-4E0B-9602-CFF3932D0FFC}.Release|iPhoneSimulator.ActiveCfg = Release|Any CPU
		{5C538F7D-AD38-4E0B-9602-CFF3932D0FFC}.Release|Mixed Platforms.ActiveCfg = Release|Any CPU
		{5C538F7D-AD38-4E0B-9602-CFF3932D0FFC}.Release|Mixed Platforms.Build.0 = Release|Any CPU
		{5C538F7D-AD38-4E0B-9602-CFF3932D0FFC}.Release|x86.ActiveCfg = Release|Any CPU
		{26B1C0F4-63DE-4008-B042-CC222F3FBDB2}.Ad-Hoc|Any CPU.ActiveCfg = Release|Any CPU
		{26B1C0F4-63DE-4008-B042-CC222F3FBDB2}.Ad-Hoc|Any CPU.Build.0 = Release|Any CPU
		{26B1C0F4-63DE-4008-B042-CC222F3FBDB2}.Ad-Hoc|Any CPU.Deploy.0 = Release|Any CPU
		{26B1C0F4-63DE-4008-B042-CC222F3FBDB2}.Ad-Hoc|iPhone.ActiveCfg = Release|Any CPU
		{26B1C0F4-63DE-4008-B042-CC222F3FBDB2}.Ad-Hoc|iPhoneSimulator.ActiveCfg = Release|Any CPU
		{26B1C0F4-63DE-4008-B042-CC222F3FBDB2}.Ad-Hoc|Mixed Platforms.ActiveCfg = Release|Any CPU
		{26B1C0F4-63DE-4008-B042-CC222F3FBDB2}.Ad-Hoc|Mixed Platforms.Build.0 = Release|Any CPU
		{26B1C0F4-63DE-4008-B042-CC222F3FBDB2}.Ad-Hoc|Mixed Platforms.Deploy.0 = Release|Any CPU
		{26B1C0F4-63DE-4008-B042-CC222F3FBDB2}.Ad-Hoc|x86.ActiveCfg = Release|Any CPU
		{26B1C0F4-63DE-4008-B042-CC222F3FBDB2}.AppStore|Any CPU.ActiveCfg = Release|Any CPU
		{26B1C0F4-63DE-4008-B042-CC222F3FBDB2}.AppStore|Any CPU.Build.0 = Release|Any CPU
		{26B1C0F4-63DE-4008-B042-CC222F3FBDB2}.AppStore|Any CPU.Deploy.0 = Release|Any CPU
		{26B1C0F4-63DE-4008-B042-CC222F3FBDB2}.AppStore|iPhone.ActiveCfg = Release|Any CPU
		{26B1C0F4-63DE-4008-B042-CC222F3FBDB2}.AppStore|iPhoneSimulator.ActiveCfg = Release|Any CPU
		{26B1C0F4-63DE-4008-B042-CC222F3FBDB2}.AppStore|Mixed Platforms.ActiveCfg = Release|Any CPU
		{26B1C0F4-63DE-4008-B042-CC222F3FBDB2}.AppStore|Mixed Platforms.Build.0 = Release|Any CPU
		{26B1C0F4-63DE-4008-B042-CC222F3FBDB2}.AppStore|Mixed Platforms.Deploy.0 = Release|Any CPU
		{26B1C0F4-63DE-4008-B042-CC222F3FBDB2}.AppStore|x86.ActiveCfg = Release|Any CPU
		{26B1C0F4-63DE-4008-B042-CC222F3FBDB2}.Debug|Any CPU.ActiveCfg = Debug|Any CPU
		{26B1C0F4-63DE-4008-B042-CC222F3FBDB2}.Debug|Any CPU.Build.0 = Debug|Any CPU
		{26B1C0F4-63DE-4008-B042-CC222F3FBDB2}.Debug|Any CPU.Deploy.0 = Debug|Any CPU
		{26B1C0F4-63DE-4008-B042-CC222F3FBDB2}.Debug|iPhone.ActiveCfg = Debug|Any CPU
		{26B1C0F4-63DE-4008-B042-CC222F3FBDB2}.Debug|iPhoneSimulator.ActiveCfg = Debug|Any CPU
		{26B1C0F4-63DE-4008-B042-CC222F3FBDB2}.Debug|Mixed Platforms.ActiveCfg = Debug|Any CPU
		{26B1C0F4-63DE-4008-B042-CC222F3FBDB2}.Debug|Mixed Platforms.Build.0 = Debug|Any CPU
		{26B1C0F4-63DE-4008-B042-CC222F3FBDB2}.Debug|Mixed Platforms.Deploy.0 = Debug|Any CPU
		{26B1C0F4-63DE-4008-B042-CC222F3FBDB2}.Debug|x86.ActiveCfg = Debug|Any CPU
		{26B1C0F4-63DE-4008-B042-CC222F3FBDB2}.Release|Any CPU.ActiveCfg = Release|Any CPU
		{26B1C0F4-63DE-4008-B042-CC222F3FBDB2}.Release|Any CPU.Build.0 = Release|Any CPU
		{26B1C0F4-63DE-4008-B042-CC222F3FBDB2}.Release|Any CPU.Deploy.0 = Release|Any CPU
		{26B1C0F4-63DE-4008-B042-CC222F3FBDB2}.Release|iPhone.ActiveCfg = Release|Any CPU
		{26B1C0F4-63DE-4008-B042-CC222F3FBDB2}.Release|iPhoneSimulator.ActiveCfg = Release|Any CPU
		{26B1C0F4-63DE-4008-B042-CC222F3FBDB2}.Release|Mixed Platforms.ActiveCfg = Release|Any CPU
		{26B1C0F4-63DE-4008-B042-CC222F3FBDB2}.Release|Mixed Platforms.Build.0 = Release|Any CPU
		{26B1C0F4-63DE-4008-B042-CC222F3FBDB2}.Release|Mixed Platforms.Deploy.0 = Release|Any CPU
		{26B1C0F4-63DE-4008-B042-CC222F3FBDB2}.Release|x86.ActiveCfg = Release|Any CPU
		{3E453E6E-09F3-410D-BFA2-40F489BB0977}.Ad-Hoc|Any CPU.ActiveCfg = Ad-Hoc|iPhone
		{3E453E6E-09F3-410D-BFA2-40F489BB0977}.Ad-Hoc|Any CPU.Build.0 = Ad-Hoc|iPhone
		{3E453E6E-09F3-410D-BFA2-40F489BB0977}.Ad-Hoc|iPhone.ActiveCfg = Ad-Hoc|iPhone
		{3E453E6E-09F3-410D-BFA2-40F489BB0977}.Ad-Hoc|iPhone.Build.0 = Ad-Hoc|iPhone
		{3E453E6E-09F3-410D-BFA2-40F489BB0977}.Ad-Hoc|iPhoneSimulator.ActiveCfg = Debug|iPhoneSimulator
		{3E453E6E-09F3-410D-BFA2-40F489BB0977}.Ad-Hoc|iPhoneSimulator.Build.0 = Debug|iPhoneSimulator
		{3E453E6E-09F3-410D-BFA2-40F489BB0977}.Ad-Hoc|Mixed Platforms.ActiveCfg = Ad-Hoc|iPhone
		{3E453E6E-09F3-410D-BFA2-40F489BB0977}.Ad-Hoc|Mixed Platforms.Build.0 = Ad-Hoc|iPhone
		{3E453E6E-09F3-410D-BFA2-40F489BB0977}.Ad-Hoc|x86.ActiveCfg = Ad-Hoc|iPhone
		{3E453E6E-09F3-410D-BFA2-40F489BB0977}.Ad-Hoc|x86.Build.0 = Ad-Hoc|iPhone
		{3E453E6E-09F3-410D-BFA2-40F489BB0977}.AppStore|Any CPU.ActiveCfg = AppStore|iPhone
		{3E453E6E-09F3-410D-BFA2-40F489BB0977}.AppStore|Any CPU.Build.0 = AppStore|iPhone
		{3E453E6E-09F3-410D-BFA2-40F489BB0977}.AppStore|iPhone.ActiveCfg = AppStore|iPhone
		{3E453E6E-09F3-410D-BFA2-40F489BB0977}.AppStore|iPhone.Build.0 = AppStore|iPhone
		{3E453E6E-09F3-410D-BFA2-40F489BB0977}.AppStore|iPhoneSimulator.ActiveCfg = Debug|iPhoneSimulator
		{3E453E6E-09F3-410D-BFA2-40F489BB0977}.AppStore|iPhoneSimulator.Build.0 = Debug|iPhoneSimulator
		{3E453E6E-09F3-410D-BFA2-40F489BB0977}.AppStore|Mixed Platforms.ActiveCfg = AppStore|iPhone
		{3E453E6E-09F3-410D-BFA2-40F489BB0977}.AppStore|Mixed Platforms.Build.0 = AppStore|iPhone
		{3E453E6E-09F3-410D-BFA2-40F489BB0977}.AppStore|x86.ActiveCfg = AppStore|iPhone
		{3E453E6E-09F3-410D-BFA2-40F489BB0977}.AppStore|x86.Build.0 = AppStore|iPhone
		{3E453E6E-09F3-410D-BFA2-40F489BB0977}.Debug|Any CPU.ActiveCfg = Debug|iPhoneSimulator
		{3E453E6E-09F3-410D-BFA2-40F489BB0977}.Debug|Any CPU.Build.0 = Debug|iPhoneSimulator
		{3E453E6E-09F3-410D-BFA2-40F489BB0977}.Debug|iPhone.ActiveCfg = Debug|iPhone
		{3E453E6E-09F3-410D-BFA2-40F489BB0977}.Debug|iPhone.Build.0 = Debug|iPhone
		{3E453E6E-09F3-410D-BFA2-40F489BB0977}.Debug|iPhoneSimulator.ActiveCfg = Debug|iPhoneSimulator
		{3E453E6E-09F3-410D-BFA2-40F489BB0977}.Debug|iPhoneSimulator.Build.0 = Debug|iPhoneSimulator
		{3E453E6E-09F3-410D-BFA2-40F489BB0977}.Debug|Mixed Platforms.ActiveCfg = Debug|iPhoneSimulator
		{3E453E6E-09F3-410D-BFA2-40F489BB0977}.Debug|Mixed Platforms.Build.0 = Debug|iPhoneSimulator
		{3E453E6E-09F3-410D-BFA2-40F489BB0977}.Debug|x86.ActiveCfg = Debug|iPhoneSimulator
		{3E453E6E-09F3-410D-BFA2-40F489BB0977}.Debug|x86.Build.0 = Debug|iPhoneSimulator
		{3E453E6E-09F3-410D-BFA2-40F489BB0977}.Release|Any CPU.ActiveCfg = Release|iPhoneSimulator
		{3E453E6E-09F3-410D-BFA2-40F489BB0977}.Release|Any CPU.Build.0 = Release|iPhoneSimulator
		{3E453E6E-09F3-410D-BFA2-40F489BB0977}.Release|iPhone.ActiveCfg = Release|iPhone
		{3E453E6E-09F3-410D-BFA2-40F489BB0977}.Release|iPhone.Build.0 = Release|iPhone
		{3E453E6E-09F3-410D-BFA2-40F489BB0977}.Release|iPhoneSimulator.ActiveCfg = Release|iPhoneSimulator
		{3E453E6E-09F3-410D-BFA2-40F489BB0977}.Release|iPhoneSimulator.Build.0 = Release|iPhoneSimulator
		{3E453E6E-09F3-410D-BFA2-40F489BB0977}.Release|Mixed Platforms.ActiveCfg = Release|iPhoneSimulator
		{3E453E6E-09F3-410D-BFA2-40F489BB0977}.Release|Mixed Platforms.Build.0 = Release|iPhoneSimulator
		{3E453E6E-09F3-410D-BFA2-40F489BB0977}.Release|x86.ActiveCfg = Release|iPhoneSimulator
		{3E453E6E-09F3-410D-BFA2-40F489BB0977}.Release|x86.Build.0 = Release|iPhoneSimulator
		{3B2B961C-16DF-4AB0-9902-21725BC3005B}.Ad-Hoc|Any CPU.ActiveCfg = Release|Any CPU
		{3B2B961C-16DF-4AB0-9902-21725BC3005B}.Ad-Hoc|Any CPU.Build.0 = Release|Any CPU
		{3B2B961C-16DF-4AB0-9902-21725BC3005B}.Ad-Hoc|iPhone.ActiveCfg = Release|Any CPU
		{3B2B961C-16DF-4AB0-9902-21725BC3005B}.Ad-Hoc|iPhoneSimulator.ActiveCfg = Release|Any CPU
		{3B2B961C-16DF-4AB0-9902-21725BC3005B}.Ad-Hoc|Mixed Platforms.ActiveCfg = Release|Any CPU
		{3B2B961C-16DF-4AB0-9902-21725BC3005B}.Ad-Hoc|Mixed Platforms.Build.0 = Release|Any CPU
		{3B2B961C-16DF-4AB0-9902-21725BC3005B}.Ad-Hoc|x86.ActiveCfg = Release|Any CPU
		{3B2B961C-16DF-4AB0-9902-21725BC3005B}.AppStore|Any CPU.ActiveCfg = Release|Any CPU
		{3B2B961C-16DF-4AB0-9902-21725BC3005B}.AppStore|Any CPU.Build.0 = Release|Any CPU
		{3B2B961C-16DF-4AB0-9902-21725BC3005B}.AppStore|iPhone.ActiveCfg = Release|Any CPU
		{3B2B961C-16DF-4AB0-9902-21725BC3005B}.AppStore|iPhoneSimulator.ActiveCfg = Release|Any CPU
		{3B2B961C-16DF-4AB0-9902-21725BC3005B}.AppStore|Mixed Platforms.ActiveCfg = Release|Any CPU
		{3B2B961C-16DF-4AB0-9902-21725BC3005B}.AppStore|Mixed Platforms.Build.0 = Release|Any CPU
		{3B2B961C-16DF-4AB0-9902-21725BC3005B}.AppStore|x86.ActiveCfg = Release|Any CPU
		{3B2B961C-16DF-4AB0-9902-21725BC3005B}.Debug|Any CPU.ActiveCfg = Debug|Any CPU
		{3B2B961C-16DF-4AB0-9902-21725BC3005B}.Debug|Any CPU.Build.0 = Debug|Any CPU
		{3B2B961C-16DF-4AB0-9902-21725BC3005B}.Debug|iPhone.ActiveCfg = Debug|Any CPU
		{3B2B961C-16DF-4AB0-9902-21725BC3005B}.Debug|iPhoneSimulator.ActiveCfg = Debug|Any CPU
		{3B2B961C-16DF-4AB0-9902-21725BC3005B}.Debug|Mixed Platforms.ActiveCfg = Debug|Any CPU
		{3B2B961C-16DF-4AB0-9902-21725BC3005B}.Debug|Mixed Platforms.Build.0 = Debug|Any CPU
		{3B2B961C-16DF-4AB0-9902-21725BC3005B}.Debug|x86.ActiveCfg = Debug|Any CPU
		{3B2B961C-16DF-4AB0-9902-21725BC3005B}.Release|Any CPU.ActiveCfg = Release|Any CPU
		{3B2B961C-16DF-4AB0-9902-21725BC3005B}.Release|Any CPU.Build.0 = Release|Any CPU
		{3B2B961C-16DF-4AB0-9902-21725BC3005B}.Release|iPhone.ActiveCfg = Release|Any CPU
		{3B2B961C-16DF-4AB0-9902-21725BC3005B}.Release|iPhoneSimulator.ActiveCfg = Release|Any CPU
		{3B2B961C-16DF-4AB0-9902-21725BC3005B}.Release|Mixed Platforms.ActiveCfg = Release|Any CPU
		{3B2B961C-16DF-4AB0-9902-21725BC3005B}.Release|Mixed Platforms.Build.0 = Release|Any CPU
		{3B2B961C-16DF-4AB0-9902-21725BC3005B}.Release|x86.ActiveCfg = Release|Any CPU
		{B9474AEF-2678-4E38-8FB0-AAE4E6B63CD8}.Ad-Hoc|Any CPU.ActiveCfg = Release|Any CPU
		{B9474AEF-2678-4E38-8FB0-AAE4E6B63CD8}.Ad-Hoc|Any CPU.Build.0 = Release|Any CPU
		{B9474AEF-2678-4E38-8FB0-AAE4E6B63CD8}.Ad-Hoc|Any CPU.Deploy.0 = Release|Any CPU
		{B9474AEF-2678-4E38-8FB0-AAE4E6B63CD8}.Ad-Hoc|iPhone.ActiveCfg = Release|Any CPU
		{B9474AEF-2678-4E38-8FB0-AAE4E6B63CD8}.Ad-Hoc|iPhoneSimulator.ActiveCfg = Release|Any CPU
		{B9474AEF-2678-4E38-8FB0-AAE4E6B63CD8}.Ad-Hoc|Mixed Platforms.ActiveCfg = Release|Any CPU
		{B9474AEF-2678-4E38-8FB0-AAE4E6B63CD8}.Ad-Hoc|Mixed Platforms.Build.0 = Release|Any CPU
		{B9474AEF-2678-4E38-8FB0-AAE4E6B63CD8}.Ad-Hoc|Mixed Platforms.Deploy.0 = Release|Any CPU
		{B9474AEF-2678-4E38-8FB0-AAE4E6B63CD8}.Ad-Hoc|x86.ActiveCfg = Release|Any CPU
		{B9474AEF-2678-4E38-8FB0-AAE4E6B63CD8}.AppStore|Any CPU.ActiveCfg = Release|Any CPU
		{B9474AEF-2678-4E38-8FB0-AAE4E6B63CD8}.AppStore|Any CPU.Build.0 = Release|Any CPU
		{B9474AEF-2678-4E38-8FB0-AAE4E6B63CD8}.AppStore|Any CPU.Deploy.0 = Release|Any CPU
		{B9474AEF-2678-4E38-8FB0-AAE4E6B63CD8}.AppStore|iPhone.ActiveCfg = Release|Any CPU
		{B9474AEF-2678-4E38-8FB0-AAE4E6B63CD8}.AppStore|iPhoneSimulator.ActiveCfg = Release|Any CPU
		{B9474AEF-2678-4E38-8FB0-AAE4E6B63CD8}.AppStore|Mixed Platforms.ActiveCfg = Release|Any CPU
		{B9474AEF-2678-4E38-8FB0-AAE4E6B63CD8}.AppStore|Mixed Platforms.Build.0 = Release|Any CPU
		{B9474AEF-2678-4E38-8FB0-AAE4E6B63CD8}.AppStore|Mixed Platforms.Deploy.0 = Release|Any CPU
		{B9474AEF-2678-4E38-8FB0-AAE4E6B63CD8}.AppStore|x86.ActiveCfg = Release|Any CPU
		{B9474AEF-2678-4E38-8FB0-AAE4E6B63CD8}.Debug|Any CPU.ActiveCfg = Debug|Any CPU
		{B9474AEF-2678-4E38-8FB0-AAE4E6B63CD8}.Debug|Any CPU.Build.0 = Debug|Any CPU
		{B9474AEF-2678-4E38-8FB0-AAE4E6B63CD8}.Debug|Any CPU.Deploy.0 = Debug|Any CPU
		{B9474AEF-2678-4E38-8FB0-AAE4E6B63CD8}.Debug|iPhone.ActiveCfg = Debug|Any CPU
		{B9474AEF-2678-4E38-8FB0-AAE4E6B63CD8}.Debug|iPhoneSimulator.ActiveCfg = Debug|Any CPU
		{B9474AEF-2678-4E38-8FB0-AAE4E6B63CD8}.Debug|Mixed Platforms.ActiveCfg = Debug|Any CPU
		{B9474AEF-2678-4E38-8FB0-AAE4E6B63CD8}.Debug|Mixed Platforms.Build.0 = Debug|Any CPU
		{B9474AEF-2678-4E38-8FB0-AAE4E6B63CD8}.Debug|Mixed Platforms.Deploy.0 = Debug|Any CPU
		{B9474AEF-2678-4E38-8FB0-AAE4E6B63CD8}.Debug|x86.ActiveCfg = Debug|Any CPU
		{B9474AEF-2678-4E38-8FB0-AAE4E6B63CD8}.Release|Any CPU.ActiveCfg = Release|Any CPU
		{B9474AEF-2678-4E38-8FB0-AAE4E6B63CD8}.Release|Any CPU.Build.0 = Release|Any CPU
		{B9474AEF-2678-4E38-8FB0-AAE4E6B63CD8}.Release|Any CPU.Deploy.0 = Release|Any CPU
		{B9474AEF-2678-4E38-8FB0-AAE4E6B63CD8}.Release|iPhone.ActiveCfg = Release|Any CPU
		{B9474AEF-2678-4E38-8FB0-AAE4E6B63CD8}.Release|iPhoneSimulator.ActiveCfg = Release|Any CPU
		{B9474AEF-2678-4E38-8FB0-AAE4E6B63CD8}.Release|Mixed Platforms.ActiveCfg = Release|Any CPU
		{B9474AEF-2678-4E38-8FB0-AAE4E6B63CD8}.Release|Mixed Platforms.Build.0 = Release|Any CPU
		{B9474AEF-2678-4E38-8FB0-AAE4E6B63CD8}.Release|Mixed Platforms.Deploy.0 = Release|Any CPU
		{B9474AEF-2678-4E38-8FB0-AAE4E6B63CD8}.Release|x86.ActiveCfg = Release|Any CPU
		{BEB9E152-AE97-4F8A-A1A8-15B3D8BB6364}.Ad-Hoc|Any CPU.ActiveCfg = Ad-Hoc|iPhone
		{BEB9E152-AE97-4F8A-A1A8-15B3D8BB6364}.Ad-Hoc|Any CPU.Build.0 = Ad-Hoc|iPhone
		{BEB9E152-AE97-4F8A-A1A8-15B3D8BB6364}.Ad-Hoc|iPhone.ActiveCfg = Ad-Hoc|iPhone
		{BEB9E152-AE97-4F8A-A1A8-15B3D8BB6364}.Ad-Hoc|iPhone.Build.0 = Ad-Hoc|iPhone
		{BEB9E152-AE97-4F8A-A1A8-15B3D8BB6364}.Ad-Hoc|iPhoneSimulator.ActiveCfg = Debug|iPhoneSimulator
		{BEB9E152-AE97-4F8A-A1A8-15B3D8BB6364}.Ad-Hoc|iPhoneSimulator.Build.0 = Debug|iPhoneSimulator
		{BEB9E152-AE97-4F8A-A1A8-15B3D8BB6364}.Ad-Hoc|Mixed Platforms.ActiveCfg = Ad-Hoc|iPhone
		{BEB9E152-AE97-4F8A-A1A8-15B3D8BB6364}.Ad-Hoc|Mixed Platforms.Build.0 = Ad-Hoc|iPhone
		{BEB9E152-AE97-4F8A-A1A8-15B3D8BB6364}.Ad-Hoc|x86.ActiveCfg = Ad-Hoc|iPhone
		{BEB9E152-AE97-4F8A-A1A8-15B3D8BB6364}.Ad-Hoc|x86.Build.0 = Ad-Hoc|iPhone
		{BEB9E152-AE97-4F8A-A1A8-15B3D8BB6364}.AppStore|Any CPU.ActiveCfg = AppStore|iPhone
		{BEB9E152-AE97-4F8A-A1A8-15B3D8BB6364}.AppStore|Any CPU.Build.0 = AppStore|iPhone
		{BEB9E152-AE97-4F8A-A1A8-15B3D8BB6364}.AppStore|iPhone.ActiveCfg = AppStore|iPhone
		{BEB9E152-AE97-4F8A-A1A8-15B3D8BB6364}.AppStore|iPhone.Build.0 = AppStore|iPhone
		{BEB9E152-AE97-4F8A-A1A8-15B3D8BB6364}.AppStore|iPhoneSimulator.ActiveCfg = Debug|iPhoneSimulator
		{BEB9E152-AE97-4F8A-A1A8-15B3D8BB6364}.AppStore|iPhoneSimulator.Build.0 = Debug|iPhoneSimulator
		{BEB9E152-AE97-4F8A-A1A8-15B3D8BB6364}.AppStore|Mixed Platforms.ActiveCfg = AppStore|iPhone
		{BEB9E152-AE97-4F8A-A1A8-15B3D8BB6364}.AppStore|Mixed Platforms.Build.0 = AppStore|iPhone
		{BEB9E152-AE97-4F8A-A1A8-15B3D8BB6364}.AppStore|x86.ActiveCfg = AppStore|iPhone
		{BEB9E152-AE97-4F8A-A1A8-15B3D8BB6364}.AppStore|x86.Build.0 = AppStore|iPhone
		{BEB9E152-AE97-4F8A-A1A8-15B3D8BB6364}.Debug|Any CPU.ActiveCfg = Debug|iPhoneSimulator
		{BEB9E152-AE97-4F8A-A1A8-15B3D8BB6364}.Debug|Any CPU.Build.0 = Debug|iPhoneSimulator
		{BEB9E152-AE97-4F8A-A1A8-15B3D8BB6364}.Debug|iPhone.ActiveCfg = Debug|iPhone
		{BEB9E152-AE97-4F8A-A1A8-15B3D8BB6364}.Debug|iPhone.Build.0 = Debug|iPhone
		{BEB9E152-AE97-4F8A-A1A8-15B3D8BB6364}.Debug|iPhoneSimulator.ActiveCfg = Debug|iPhoneSimulator
		{BEB9E152-AE97-4F8A-A1A8-15B3D8BB6364}.Debug|iPhoneSimulator.Build.0 = Debug|iPhoneSimulator
		{BEB9E152-AE97-4F8A-A1A8-15B3D8BB6364}.Debug|Mixed Platforms.ActiveCfg = Debug|iPhoneSimulator
		{BEB9E152-AE97-4F8A-A1A8-15B3D8BB6364}.Debug|Mixed Platforms.Build.0 = Debug|iPhoneSimulator
		{BEB9E152-AE97-4F8A-A1A8-15B3D8BB6364}.Debug|x86.ActiveCfg = Debug|iPhoneSimulator
		{BEB9E152-AE97-4F8A-A1A8-15B3D8BB6364}.Debug|x86.Build.0 = Debug|iPhoneSimulator
		{BEB9E152-AE97-4F8A-A1A8-15B3D8BB6364}.Release|Any CPU.ActiveCfg = Release|iPhoneSimulator
		{BEB9E152-AE97-4F8A-A1A8-15B3D8BB6364}.Release|Any CPU.Build.0 = Release|iPhoneSimulator
		{BEB9E152-AE97-4F8A-A1A8-15B3D8BB6364}.Release|iPhone.ActiveCfg = Release|iPhone
		{BEB9E152-AE97-4F8A-A1A8-15B3D8BB6364}.Release|iPhone.Build.0 = Release|iPhone
		{BEB9E152-AE97-4F8A-A1A8-15B3D8BB6364}.Release|iPhoneSimulator.ActiveCfg = Release|iPhoneSimulator
		{BEB9E152-AE97-4F8A-A1A8-15B3D8BB6364}.Release|iPhoneSimulator.Build.0 = Release|iPhoneSimulator
		{BEB9E152-AE97-4F8A-A1A8-15B3D8BB6364}.Release|Mixed Platforms.ActiveCfg = Release|iPhoneSimulator
		{BEB9E152-AE97-4F8A-A1A8-15B3D8BB6364}.Release|Mixed Platforms.Build.0 = Release|iPhoneSimulator
		{BEB9E152-AE97-4F8A-A1A8-15B3D8BB6364}.Release|x86.ActiveCfg = Release|iPhoneSimulator
		{BEB9E152-AE97-4F8A-A1A8-15B3D8BB6364}.Release|x86.Build.0 = Release|iPhoneSimulator
	EndGlobalSection
	GlobalSection(SolutionProperties) = preSolution
		HideSolutionNode = FALSE
	EndGlobalSection
	GlobalSection(NestedProjects) = preSolution
		{E8A0187A-CE14-4967-933C-333F1664647F} = {7BA5E7A6-84FF-4709-9E64-540DB7D957FE}
		{382684C5-8B53-4B1D-9478-A05511C9B0ED} = {7BA5E7A6-84FF-4709-9E64-540DB7D957FE}
		{D889FC48-FF35-4B4C-BE59-7E9095D46F56} = {9839370D-1F10-4CA4-B13A-3049E35AB2D2}
		{12B14F26-D7E3-49FF-B62A-B6A5A9512AAF} = {9839370D-1F10-4CA4-B13A-3049E35AB2D2}
		{DEB70E69-E189-4EC0-A176-138A479EBDF3} = {9839370D-1F10-4CA4-B13A-3049E35AB2D2}
		{00802F28-5A55-4B52-AADA-3AD01407BED4} = {9839370D-1F10-4CA4-B13A-3049E35AB2D2}
		{7D2A4FBC-B67D-4060-BF38-BB4D3DE70402} = {9839370D-1F10-4CA4-B13A-3049E35AB2D2}
		{0E0C49B6-764A-48C7-BAA7-AD5FB33C4185} = {9839370D-1F10-4CA4-B13A-3049E35AB2D2}
		{5C538F7D-AD38-4E0B-9602-CFF3932D0FFC} = {9839370D-1F10-4CA4-B13A-3049E35AB2D2}
		{1DC500AC-B43C-462C-A0E9-77D6395181BD} = {9839370D-1F10-4CA4-B13A-3049E35AB2D2}
		{008A2000-29EF-4DB4-A2A2-706060C94A34} = {1DC500AC-B43C-462C-A0E9-77D6395181BD}
		{80A0255B-69CF-4D8A-9B86-577C8C4D648E} = {D0EDCAC8-B551-4201-A534-A7065BB79145}
		{4D76D9EA-6AB9-4865-AC91-E6B89106F6A8} = {80A0255B-69CF-4D8A-9B86-577C8C4D648E}
		{26B1C0F4-63DE-4008-B042-CC222F3FBDB2} = {4D76D9EA-6AB9-4865-AC91-E6B89106F6A8}
		{3E453E6E-09F3-410D-BFA2-40F489BB0977} = {4D76D9EA-6AB9-4865-AC91-E6B89106F6A8}
		{285A74B3-6FD1-4B7B-B2EA-85E4E0E5C14C} = {80A0255B-69CF-4D8A-9B86-577C8C4D648E}
		{E65A14F1-0814-4BF9-8761-EA88ADCD07FA} = {D0EDCAC8-B551-4201-A534-A7065BB79145}
		{C6F8189F-A5B0-4D12-9FB4-1B5ADA1EACF7} = {E65A14F1-0814-4BF9-8761-EA88ADCD07FA}
		{F396F079-1516-4666-AEC7-06C2C08984B7} = {C6F8189F-A5B0-4D12-9FB4-1B5ADA1EACF7}
		{3B2B961C-16DF-4AB0-9902-21725BC3005B} = {F396F079-1516-4666-AEC7-06C2C08984B7}
		{B9474AEF-2678-4E38-8FB0-AAE4E6B63CD8} = {F396F079-1516-4666-AEC7-06C2C08984B7}
		{BEB9E152-AE97-4F8A-A1A8-15B3D8BB6364} = {F396F079-1516-4666-AEC7-06C2C08984B7}
	EndGlobalSection
	GlobalSection(MonoDevelopProperties) = preSolution
		StartupItem = Samples\XamarinForms\NormalizedBindings\xaml\UberTesters.XamarinForms.Common.Android\UberTesters.XamarinForms.Common.Android.csproj
	EndGlobalSection
EndGlobal
