
Microsoft Visual Studio Solution File, Format Version 12.00
# Visual Studio 2012
Project("{FAE04EC0-301F-11D3-BF4B-00C04F79EFBC}") = "Ubertesters.Bindings.XamarinAndroid", "Ubertesters.Bindings.XamarinAndroid\Ubertesters.Bindings.XamarinAndroid.csproj", "{3E7113BE-EC45-4F12-BEEB-F410B3842010}"
EndProject
Project("{FAE04EC0-301F-11D3-BF4B-00C04F79EFBC}") = "Ubertesters.Bindings.XamarinIOS", "Ubertesters.Bindings.XamarinIOS\Ubertesters.Bindings.XamarinIOS.csproj", "{7905C6AE-908B-4CB3-A4BC-F140D9B5736B}"
EndProject
Project("{2150E333-8FDC-42A3-9474-1A3956D46DE8}") = "Upload.IDE.Integration", "Upload.IDE.Integration", "{6ACBA194-78BD-43CD-88DC-7F2787C4D95F}"
EndProject
Project("{FAE04EC0-301F-11D3-BF4B-00C04F79EFBC}") = "Ubertesters.Upload.BusinessLogic.DLLnetfx4", "Upload.IDE.Integration\Ubertesters.Upload.BusinessLogic.DLLnetfx4\Ubertesters.Upload.BusinessLogic.DLLnetfx4.csproj", "{DEB70E69-E189-4EC0-A176-138A479EBDF3}"
EndProject
Project("{2150E333-8FDC-42A3-9474-1A3956D46DE8}") = "Applications.Native.Xamarin.Forms", "Applications.Native.Xamarin.Forms", "{157FD976-B46F-4B3F-96BD-A505A1A8E7D3}"
EndProject
Project("{FAE04EC0-301F-11D3-BF4B-00C04F79EFBC}") = "Application.Xamarin.Forms.UI.Common", "Applications.Native.Xamarin.Forms\Application.Xamarin.Forms.UI.Common\Application.Xamarin.Forms.UI.Common.csproj", "{E343A15F-4620-42F4-B705-EFE7A6832F92}"
EndProject
Project("{FAE04EC0-301F-11D3-BF4B-00C04F79EFBC}") = "Application.Xamarin.Forms.UI.Common.Android", "Applications.Native.Xamarin.Forms\Application.Xamarin.Forms.UI.Common.Android\Application.Xamarin.Forms.UI.Common.Android.csproj", "{06825071-3CD8-459E-BEAB-4F78611FE44E}"
EndProject
Project("{FAE04EC0-301F-11D3-BF4B-00C04F79EFBC}") = "Application.Xamarin.Forms.UI.Common.iOS", "Applications.Native.Xamarin.Forms\Application.Xamarin.Forms.UI.Common.iOS\Application.Xamarin.Forms.UI.Common.iOS.csproj", "{7FE3EF43-74F4-4CDB-B5AA-7337DBFF4B48}"
EndProject
Project("{FAE04EC0-301F-11D3-BF4B-00C04F79EFBC}") = "UberTesters.XamarinForms.Common", "UberTesters.XamarinForms.Common\UberTesters.XamarinForms.Common\UberTesters.XamarinForms.Common.csproj", "{3B2B961C-16DF-4AB0-9902-21725BC3005B}"
EndProject
Project("{FAE04EC0-301F-11D3-BF4B-00C04F79EFBC}") = "UberTesters.XamarinForms.Common.iOS", "UberTesters.XamarinForms.Common\UberTesters.XamarinForms.Common.iOS\UberTesters.XamarinForms.Common.iOS.csproj", "{BEB9E152-AE97-4F8A-A1A8-15B3D8BB6364}"
EndProject
Project("{FAE04EC0-301F-11D3-BF4B-00C04F79EFBC}") = "UberTesters.XamarinForms.Common.Android", "UberTesters.XamarinForms.Common\UberTesters.XamarinForms.Common.Android\UberTesters.XamarinForms.Common.Android.csproj", "{B9474AEF-2678-4E38-8FB0-AAE4E6B63CD8}"
EndProject
Project("{2150E333-8FDC-42A3-9474-1A3956D46DE8}") = "Applications.Native.Classical", "Applications.Native.Classical", "{ED9C87DA-2928-4D03-B5C7-B045E158CF8B}"
EndProject
Project("{FAE04EC0-301F-11D3-BF4B-00C04F79EFBC}") = "UbertestersSDKSample.Application.XamarinAndroid", "Applications.Native.Classical\UbertestersSDKSample.Application.XamarinAndroid\UbertestersSDKSample.Application.XamarinAndroid.csproj", "{26B1C0F4-63DE-4008-B042-CC222F3FBDB2}"
EndProject
Project("{FAE04EC0-301F-11D3-BF4B-00C04F79EFBC}") = "UbertestersSDKSample.Application.XamarinIOS", "Applications.Native.Classical\UbertestersSDKSample.Application.XamarinIOS\UbertestersSDKSample.Application.XamarinIOS.csproj", "{611971AE-925B-4F44-A403-A0D46699204B}"
EndProject
Project("{D954291E-2A0B-460D-934E-DC6B0785DB48}") = "Ubertesters.Bindings.Common.Shared", "Ubertesters.Bindings.Common.Shared\Ubertesters.Bindings.Common.Shared.shproj", "{E355DE1C-6735-4D01-B72C-50BDC8802A31}"
EndProject
Project("{FAE04EC0-301F-11D3-BF4B-00C04F79EFBC}") = "Ubertesters.Bindings.Common.PCL", "Ubertesters.Bindings.Common.PCL\Ubertesters.Bindings.Common.PCL.csproj", "{3A5D0DA2-B774-4977-91B4-52D651997573}"
EndProject
Global
	GlobalSection(SolutionConfigurationPlatforms) = preSolution
		Ad-Hoc|Any CPU = Ad-Hoc|Any CPU
		Ad-Hoc|iPhone = Ad-Hoc|iPhone
		Ad-Hoc|iPhoneSimulator = Ad-Hoc|iPhoneSimulator
		Ad-Hoc|Mixed Platforms = Ad-Hoc|Mixed Platforms
		AppStore|Any CPU = AppStore|Any CPU
		AppStore|iPhone = AppStore|iPhone
		AppStore|iPhoneSimulator = AppStore|iPhoneSimulator
		AppStore|Mixed Platforms = AppStore|Mixed Platforms
		Debug|Any CPU = Debug|Any CPU
		Debug|iPhone = Debug|iPhone
		Debug|iPhoneSimulator = Debug|iPhoneSimulator
		Debug|Mixed Platforms = Debug|Mixed Platforms
		Release|Any CPU = Release|Any CPU
		Release|iPhone = Release|iPhone
		Release|iPhoneSimulator = Release|iPhoneSimulator
		Release|Mixed Platforms = Release|Mixed Platforms
	EndGlobalSection
	GlobalSection(ProjectConfigurationPlatforms) = postSolution
		{06825071-3CD8-459E-BEAB-4F78611FE44E}.Ad-Hoc|Any CPU.ActiveCfg = Release|Any CPU
		{06825071-3CD8-459E-BEAB-4F78611FE44E}.Ad-Hoc|Any CPU.Build.0 = Release|Any CPU
		{06825071-3CD8-459E-BEAB-4F78611FE44E}.Ad-Hoc|Any CPU.Deploy.0 = Release|Any CPU
		{06825071-3CD8-459E-BEAB-4F78611FE44E}.Ad-Hoc|iPhone.ActiveCfg = Release|Any CPU
		{06825071-3CD8-459E-BEAB-4F78611FE44E}.Ad-Hoc|iPhoneSimulator.ActiveCfg = Release|Any CPU
		{06825071-3CD8-459E-BEAB-4F78611FE44E}.Ad-Hoc|Mixed Platforms.ActiveCfg = Release|Any CPU
		{06825071-3CD8-459E-BEAB-4F78611FE44E}.Ad-Hoc|Mixed Platforms.Build.0 = Release|Any CPU
		{06825071-3CD8-459E-BEAB-4F78611FE44E}.Ad-Hoc|Mixed Platforms.Deploy.0 = Release|Any CPU
		{06825071-3CD8-459E-BEAB-4F78611FE44E}.AppStore|Any CPU.ActiveCfg = Release|Any CPU
		{06825071-3CD8-459E-BEAB-4F78611FE44E}.AppStore|Any CPU.Build.0 = Release|Any CPU
		{06825071-3CD8-459E-BEAB-4F78611FE44E}.AppStore|Any CPU.Deploy.0 = Release|Any CPU
		{06825071-3CD8-459E-BEAB-4F78611FE44E}.AppStore|iPhone.ActiveCfg = Release|Any CPU
		{06825071-3CD8-459E-BEAB-4F78611FE44E}.AppStore|iPhoneSimulator.ActiveCfg = Release|Any CPU
		{06825071-3CD8-459E-BEAB-4F78611FE44E}.AppStore|Mixed Platforms.ActiveCfg = Release|Any CPU
		{06825071-3CD8-459E-BEAB-4F78611FE44E}.AppStore|Mixed Platforms.Build.0 = Release|Any CPU
		{06825071-3CD8-459E-BEAB-4F78611FE44E}.AppStore|Mixed Platforms.Deploy.0 = Release|Any CPU
		{06825071-3CD8-459E-BEAB-4F78611FE44E}.Debug|Any CPU.ActiveCfg = Debug|Any CPU
		{06825071-3CD8-459E-BEAB-4F78611FE44E}.Debug|Any CPU.Build.0 = Debug|Any CPU
		{06825071-3CD8-459E-BEAB-4F78611FE44E}.Debug|Any CPU.Deploy.0 = Debug|Any CPU
		{06825071-3CD8-459E-BEAB-4F78611FE44E}.Debug|iPhone.ActiveCfg = Debug|Any CPU
		{06825071-3CD8-459E-BEAB-4F78611FE44E}.Debug|iPhoneSimulator.ActiveCfg = Debug|Any CPU
		{06825071-3CD8-459E-BEAB-4F78611FE44E}.Debug|Mixed Platforms.ActiveCfg = Debug|Any CPU
		{06825071-3CD8-459E-BEAB-4F78611FE44E}.Debug|Mixed Platforms.Build.0 = Debug|Any CPU
		{06825071-3CD8-459E-BEAB-4F78611FE44E}.Debug|Mixed Platforms.Deploy.0 = Debug|Any CPU
		{06825071-3CD8-459E-BEAB-4F78611FE44E}.Release|Any CPU.ActiveCfg = Release|Any CPU
		{06825071-3CD8-459E-BEAB-4F78611FE44E}.Release|Any CPU.Build.0 = Release|Any CPU
		{06825071-3CD8-459E-BEAB-4F78611FE44E}.Release|Any CPU.Deploy.0 = Release|Any CPU
		{06825071-3CD8-459E-BEAB-4F78611FE44E}.Release|iPhone.ActiveCfg = Release|Any CPU
		{06825071-3CD8-459E-BEAB-4F78611FE44E}.Release|iPhoneSimulator.ActiveCfg = Release|Any CPU
		{06825071-3CD8-459E-BEAB-4F78611FE44E}.Release|Mixed Platforms.ActiveCfg = Release|Any CPU
		{06825071-3CD8-459E-BEAB-4F78611FE44E}.Release|Mixed Platforms.Build.0 = Release|Any CPU
		{06825071-3CD8-459E-BEAB-4F78611FE44E}.Release|Mixed Platforms.Deploy.0 = Release|Any CPU
		{26B1C0F4-63DE-4008-B042-CC222F3FBDB2}.Ad-Hoc|Any CPU.ActiveCfg = Release|Any CPU
		{26B1C0F4-63DE-4008-B042-CC222F3FBDB2}.Ad-Hoc|Any CPU.Build.0 = Release|Any CPU
		{26B1C0F4-63DE-4008-B042-CC222F3FBDB2}.Ad-Hoc|Any CPU.Deploy.0 = Release|Any CPU
		{26B1C0F4-63DE-4008-B042-CC222F3FBDB2}.Ad-Hoc|iPhone.ActiveCfg = Release|Any CPU
		{26B1C0F4-63DE-4008-B042-CC222F3FBDB2}.Ad-Hoc|iPhoneSimulator.ActiveCfg = Release|Any CPU
		{26B1C0F4-63DE-4008-B042-CC222F3FBDB2}.Ad-Hoc|Mixed Platforms.ActiveCfg = Release|Any CPU
		{26B1C0F4-63DE-4008-B042-CC222F3FBDB2}.Ad-Hoc|Mixed Platforms.Build.0 = Release|Any CPU
		{26B1C0F4-63DE-4008-B042-CC222F3FBDB2}.Ad-Hoc|Mixed Platforms.Deploy.0 = Release|Any CPU
		{26B1C0F4-63DE-4008-B042-CC222F3FBDB2}.AppStore|Any CPU.ActiveCfg = Release|Any CPU
		{26B1C0F4-63DE-4008-B042-CC222F3FBDB2}.AppStore|Any CPU.Build.0 = Release|Any CPU
		{26B1C0F4-63DE-4008-B042-CC222F3FBDB2}.AppStore|Any CPU.Deploy.0 = Release|Any CPU
		{26B1C0F4-63DE-4008-B042-CC222F3FBDB2}.AppStore|iPhone.ActiveCfg = Release|Any CPU
		{26B1C0F4-63DE-4008-B042-CC222F3FBDB2}.AppStore|iPhoneSimulator.ActiveCfg = Release|Any CPU
		{26B1C0F4-63DE-4008-B042-CC222F3FBDB2}.AppStore|Mixed Platforms.ActiveCfg = Release|Any CPU
		{26B1C0F4-63DE-4008-B042-CC222F3FBDB2}.AppStore|Mixed Platforms.Build.0 = Release|Any CPU
		{26B1C0F4-63DE-4008-B042-CC222F3FBDB2}.AppStore|Mixed Platforms.Deploy.0 = Release|Any CPU
		{26B1C0F4-63DE-4008-B042-CC222F3FBDB2}.Debug|Any CPU.ActiveCfg = Debug|Any CPU
		{26B1C0F4-63DE-4008-B042-CC222F3FBDB2}.Debug|Any CPU.Build.0 = Debug|Any CPU
		{26B1C0F4-63DE-4008-B042-CC222F3FBDB2}.Debug|Any CPU.Deploy.0 = Debug|Any CPU
		{26B1C0F4-63DE-4008-B042-CC222F3FBDB2}.Debug|iPhone.ActiveCfg = Debug|Any CPU
		{26B1C0F4-63DE-4008-B042-CC222F3FBDB2}.Debug|iPhoneSimulator.ActiveCfg = Debug|Any CPU
		{26B1C0F4-63DE-4008-B042-CC222F3FBDB2}.Debug|Mixed Platforms.ActiveCfg = Debug|Any CPU
		{26B1C0F4-63DE-4008-B042-CC222F3FBDB2}.Debug|Mixed Platforms.Build.0 = Debug|Any CPU
		{26B1C0F4-63DE-4008-B042-CC222F3FBDB2}.Debug|Mixed Platforms.Deploy.0 = Debug|Any CPU
		{26B1C0F4-63DE-4008-B042-CC222F3FBDB2}.Release|Any CPU.ActiveCfg = Release|Any CPU
		{26B1C0F4-63DE-4008-B042-CC222F3FBDB2}.Release|Any CPU.Build.0 = Release|Any CPU
		{26B1C0F4-63DE-4008-B042-CC222F3FBDB2}.Release|Any CPU.Deploy.0 = Release|Any CPU
		{26B1C0F4-63DE-4008-B042-CC222F3FBDB2}.Release|iPhone.ActiveCfg = Release|Any CPU
		{26B1C0F4-63DE-4008-B042-CC222F3FBDB2}.Release|iPhoneSimulator.ActiveCfg = Release|Any CPU
		{26B1C0F4-63DE-4008-B042-CC222F3FBDB2}.Release|Mixed Platforms.ActiveCfg = Release|Any CPU
		{26B1C0F4-63DE-4008-B042-CC222F3FBDB2}.Release|Mixed Platforms.Build.0 = Release|Any CPU
		{26B1C0F4-63DE-4008-B042-CC222F3FBDB2}.Release|Mixed Platforms.Deploy.0 = Release|Any CPU
		{3A5D0DA2-B774-4977-91B4-52D651997573}.Ad-Hoc|Any CPU.ActiveCfg = Release|Any CPU
		{3A5D0DA2-B774-4977-91B4-52D651997573}.Ad-Hoc|Any CPU.Build.0 = Release|Any CPU
		{3A5D0DA2-B774-4977-91B4-52D651997573}.Ad-Hoc|iPhone.ActiveCfg = Release|Any CPU
		{3A5D0DA2-B774-4977-91B4-52D651997573}.Ad-Hoc|iPhone.Build.0 = Release|Any CPU
		{3A5D0DA2-B774-4977-91B4-52D651997573}.Ad-Hoc|iPhoneSimulator.ActiveCfg = Release|Any CPU
		{3A5D0DA2-B774-4977-91B4-52D651997573}.Ad-Hoc|iPhoneSimulator.Build.0 = Release|Any CPU
		{3A5D0DA2-B774-4977-91B4-52D651997573}.Ad-Hoc|Mixed Platforms.ActiveCfg = Release|Any CPU
		{3A5D0DA2-B774-4977-91B4-52D651997573}.Ad-Hoc|Mixed Platforms.Build.0 = Release|Any CPU
		{3A5D0DA2-B774-4977-91B4-52D651997573}.AppStore|Any CPU.ActiveCfg = Release|Any CPU
		{3A5D0DA2-B774-4977-91B4-52D651997573}.AppStore|Any CPU.Build.0 = Release|Any CPU
		{3A5D0DA2-B774-4977-91B4-52D651997573}.AppStore|iPhone.ActiveCfg = Release|Any CPU
		{3A5D0DA2-B774-4977-91B4-52D651997573}.AppStore|iPhone.Build.0 = Release|Any CPU
		{3A5D0DA2-B774-4977-91B4-52D651997573}.AppStore|iPhoneSimulator.ActiveCfg = Release|Any CPU
		{3A5D0DA2-B774-4977-91B4-52D651997573}.AppStore|iPhoneSimulator.Build.0 = Release|Any CPU
		{3A5D0DA2-B774-4977-91B4-52D651997573}.AppStore|Mixed Platforms.ActiveCfg = Release|Any CPU
		{3A5D0DA2-B774-4977-91B4-52D651997573}.AppStore|Mixed Platforms.Build.0 = Release|Any CPU
		{3A5D0DA2-B774-4977-91B4-52D651997573}.Debug|Any CPU.ActiveCfg = Debug|Any CPU
		{3A5D0DA2-B774-4977-91B4-52D651997573}.Debug|Any CPU.Build.0 = Debug|Any CPU
		{3A5D0DA2-B774-4977-91B4-52D651997573}.Debug|iPhone.ActiveCfg = Debug|Any CPU
		{3A5D0DA2-B774-4977-91B4-52D651997573}.Debug|iPhone.Build.0 = Debug|Any CPU
		{3A5D0DA2-B774-4977-91B4-52D651997573}.Debug|iPhoneSimulator.ActiveCfg = Debug|Any CPU
		{3A5D0DA2-B774-4977-91B4-52D651997573}.Debug|iPhoneSimulator.Build.0 = Debug|Any CPU
		{3A5D0DA2-B774-4977-91B4-52D651997573}.Debug|Mixed Platforms.ActiveCfg = Debug|Any CPU
		{3A5D0DA2-B774-4977-91B4-52D651997573}.Debug|Mixed Platforms.Build.0 = Debug|Any CPU
		{3A5D0DA2-B774-4977-91B4-52D651997573}.Release|Any CPU.ActiveCfg = Release|Any CPU
		{3A5D0DA2-B774-4977-91B4-52D651997573}.Release|Any CPU.Build.0 = Release|Any CPU
		{3A5D0DA2-B774-4977-91B4-52D651997573}.Release|iPhone.ActiveCfg = Release|Any CPU
		{3A5D0DA2-B774-4977-91B4-52D651997573}.Release|iPhone.Build.0 = Release|Any CPU
		{3A5D0DA2-B774-4977-91B4-52D651997573}.Release|iPhoneSimulator.ActiveCfg = Release|Any CPU
		{3A5D0DA2-B774-4977-91B4-52D651997573}.Release|iPhoneSimulator.Build.0 = Release|Any CPU
		{3A5D0DA2-B774-4977-91B4-52D651997573}.Release|Mixed Platforms.ActiveCfg = Release|Any CPU
		{3A5D0DA2-B774-4977-91B4-52D651997573}.Release|Mixed Platforms.Build.0 = Release|Any CPU
		{3B2B961C-16DF-4AB0-9902-21725BC3005B}.Ad-Hoc|Any CPU.ActiveCfg = Release|Any CPU
		{3B2B961C-16DF-4AB0-9902-21725BC3005B}.Ad-Hoc|Any CPU.Build.0 = Release|Any CPU
		{3B2B961C-16DF-4AB0-9902-21725BC3005B}.Ad-Hoc|iPhone.ActiveCfg = Release|Any CPU
		{3B2B961C-16DF-4AB0-9902-21725BC3005B}.Ad-Hoc|iPhoneSimulator.ActiveCfg = Release|Any CPU
		{3B2B961C-16DF-4AB0-9902-21725BC3005B}.Ad-Hoc|Mixed Platforms.ActiveCfg = Release|Any CPU
		{3B2B961C-16DF-4AB0-9902-21725BC3005B}.Ad-Hoc|Mixed Platforms.Build.0 = Release|Any CPU
		{3B2B961C-16DF-4AB0-9902-21725BC3005B}.AppStore|Any CPU.ActiveCfg = Release|Any CPU
		{3B2B961C-16DF-4AB0-9902-21725BC3005B}.AppStore|Any CPU.Build.0 = Release|Any CPU
		{3B2B961C-16DF-4AB0-9902-21725BC3005B}.AppStore|iPhone.ActiveCfg = Release|Any CPU
		{3B2B961C-16DF-4AB0-9902-21725BC3005B}.AppStore|iPhoneSimulator.ActiveCfg = Release|Any CPU
		{3B2B961C-16DF-4AB0-9902-21725BC3005B}.AppStore|Mixed Platforms.ActiveCfg = Release|Any CPU
		{3B2B961C-16DF-4AB0-9902-21725BC3005B}.AppStore|Mixed Platforms.Build.0 = Release|Any CPU
		{3B2B961C-16DF-4AB0-9902-21725BC3005B}.Debug|Any CPU.ActiveCfg = Debug|Any CPU
		{3B2B961C-16DF-4AB0-9902-21725BC3005B}.Debug|Any CPU.Build.0 = Debug|Any CPU
		{3B2B961C-16DF-4AB0-9902-21725BC3005B}.Debug|iPhone.ActiveCfg = Debug|Any CPU
		{3B2B961C-16DF-4AB0-9902-21725BC3005B}.Debug|iPhoneSimulator.ActiveCfg = Debug|Any CPU
		{3B2B961C-16DF-4AB0-9902-21725BC3005B}.Debug|Mixed Platforms.ActiveCfg = Debug|Any CPU
		{3B2B961C-16DF-4AB0-9902-21725BC3005B}.Debug|Mixed Platforms.Build.0 = Debug|Any CPU
		{3B2B961C-16DF-4AB0-9902-21725BC3005B}.Release|Any CPU.ActiveCfg = Release|Any CPU
		{3B2B961C-16DF-4AB0-9902-21725BC3005B}.Release|Any CPU.Build.0 = Release|Any CPU
		{3B2B961C-16DF-4AB0-9902-21725BC3005B}.Release|iPhone.ActiveCfg = Release|Any CPU
		{3B2B961C-16DF-4AB0-9902-21725BC3005B}.Release|iPhoneSimulator.ActiveCfg = Release|Any CPU
		{3B2B961C-16DF-4AB0-9902-21725BC3005B}.Release|Mixed Platforms.ActiveCfg = Release|Any CPU
		{3B2B961C-16DF-4AB0-9902-21725BC3005B}.Release|Mixed Platforms.Build.0 = Release|Any CPU
		{3E7113BE-EC45-4F12-BEEB-F410B3842010}.Ad-Hoc|Any CPU.ActiveCfg = Release|Any CPU
		{3E7113BE-EC45-4F12-BEEB-F410B3842010}.Ad-Hoc|iPhone.ActiveCfg = Debug|Any CPU
		{3E7113BE-EC45-4F12-BEEB-F410B3842010}.Ad-Hoc|iPhone.Build.0 = Debug|Any CPU
		{3E7113BE-EC45-4F12-BEEB-F410B3842010}.Ad-Hoc|iPhoneSimulator.ActiveCfg = Release|Any CPU
		{3E7113BE-EC45-4F12-BEEB-F410B3842010}.Ad-Hoc|Mixed Platforms.ActiveCfg = Release|Any CPU
		{3E7113BE-EC45-4F12-BEEB-F410B3842010}.Ad-Hoc|Mixed Platforms.Build.0 = Release|Any CPU
		{3E7113BE-EC45-4F12-BEEB-F410B3842010}.AppStore|Any CPU.ActiveCfg = Release|Any CPU
		{3E7113BE-EC45-4F12-BEEB-F410B3842010}.AppStore|iPhone.ActiveCfg = Debug|Any CPU
		{3E7113BE-EC45-4F12-BEEB-F410B3842010}.AppStore|iPhone.Build.0 = Debug|Any CPU
		{3E7113BE-EC45-4F12-BEEB-F410B3842010}.AppStore|iPhoneSimulator.ActiveCfg = Release|Any CPU
		{3E7113BE-EC45-4F12-BEEB-F410B3842010}.AppStore|Mixed Platforms.ActiveCfg = Release|Any CPU
		{3E7113BE-EC45-4F12-BEEB-F410B3842010}.AppStore|Mixed Platforms.Build.0 = Release|Any CPU
		{3E7113BE-EC45-4F12-BEEB-F410B3842010}.Debug|Any CPU.ActiveCfg = Debug|Any CPU
		{3E7113BE-EC45-4F12-BEEB-F410B3842010}.Debug|Any CPU.Build.0 = Debug|Any CPU
		{3E7113BE-EC45-4F12-BEEB-F410B3842010}.Debug|iPhone.ActiveCfg = Debug|Any CPU
		{3E7113BE-EC45-4F12-BEEB-F410B3842010}.Debug|iPhone.Build.0 = Debug|Any CPU
		{3E7113BE-EC45-4F12-BEEB-F410B3842010}.Debug|iPhoneSimulator.ActiveCfg = Debug|Any CPU
		{3E7113BE-EC45-4F12-BEEB-F410B3842010}.Debug|iPhoneSimulator.Build.0 = Debug|Any CPU
		{3E7113BE-EC45-4F12-BEEB-F410B3842010}.Debug|Mixed Platforms.ActiveCfg = Debug|Any CPU
		{3E7113BE-EC45-4F12-BEEB-F410B3842010}.Debug|Mixed Platforms.Build.0 = Debug|Any CPU
		{3E7113BE-EC45-4F12-BEEB-F410B3842010}.Release|Any CPU.ActiveCfg = Release|Any CPU
		{3E7113BE-EC45-4F12-BEEB-F410B3842010}.Release|Any CPU.Build.0 = Release|Any CPU
		{3E7113BE-EC45-4F12-BEEB-F410B3842010}.Release|iPhone.ActiveCfg = Release|Any CPU
		{3E7113BE-EC45-4F12-BEEB-F410B3842010}.Release|iPhone.Build.0 = Release|Any CPU
		{3E7113BE-EC45-4F12-BEEB-F410B3842010}.Release|iPhoneSimulator.ActiveCfg = Release|Any CPU
		{3E7113BE-EC45-4F12-BEEB-F410B3842010}.Release|iPhoneSimulator.Build.0 = Release|Any CPU
		{3E7113BE-EC45-4F12-BEEB-F410B3842010}.Release|Mixed Platforms.ActiveCfg = Release|Any CPU
		{3E7113BE-EC45-4F12-BEEB-F410B3842010}.Release|Mixed Platforms.Build.0 = Release|Any CPU
		{611971AE-925B-4F44-A403-A0D46699204B}.Ad-Hoc|Any CPU.ActiveCfg = Ad-Hoc|iPhone
		{611971AE-925B-4F44-A403-A0D46699204B}.Ad-Hoc|iPhone.ActiveCfg = Ad-Hoc|iPhone
		{611971AE-925B-4F44-A403-A0D46699204B}.Ad-Hoc|iPhone.Build.0 = Ad-Hoc|iPhone
		{611971AE-925B-4F44-A403-A0D46699204B}.Ad-Hoc|iPhoneSimulator.ActiveCfg = Ad-Hoc|iPhoneSimulator
		{611971AE-925B-4F44-A403-A0D46699204B}.Ad-Hoc|iPhoneSimulator.Build.0 = Ad-Hoc|iPhoneSimulator
		{611971AE-925B-4F44-A403-A0D46699204B}.Ad-Hoc|Mixed Platforms.ActiveCfg = Ad-Hoc|iPhone
		{611971AE-925B-4F44-A403-A0D46699204B}.Ad-Hoc|Mixed Platforms.Build.0 = Ad-Hoc|iPhone
		{611971AE-925B-4F44-A403-A0D46699204B}.AppStore|Any CPU.ActiveCfg = AppStore|iPhone
		{611971AE-925B-4F44-A403-A0D46699204B}.AppStore|iPhone.ActiveCfg = AppStore|iPhone
		{611971AE-925B-4F44-A403-A0D46699204B}.AppStore|iPhone.Build.0 = AppStore|iPhone
		{611971AE-925B-4F44-A403-A0D46699204B}.AppStore|iPhoneSimulator.ActiveCfg = AppStore|iPhoneSimulator
		{611971AE-925B-4F44-A403-A0D46699204B}.AppStore|iPhoneSimulator.Build.0 = AppStore|iPhoneSimulator
		{611971AE-925B-4F44-A403-A0D46699204B}.AppStore|Mixed Platforms.ActiveCfg = AppStore|iPhone
		{611971AE-925B-4F44-A403-A0D46699204B}.AppStore|Mixed Platforms.Build.0 = AppStore|iPhone
		{611971AE-925B-4F44-A403-A0D46699204B}.Debug|Any CPU.ActiveCfg = Debug|iPhone
		{611971AE-925B-4F44-A403-A0D46699204B}.Debug|iPhone.ActiveCfg = Debug|iPhone
		{611971AE-925B-4F44-A403-A0D46699204B}.Debug|iPhone.Build.0 = Debug|iPhone
		{611971AE-925B-4F44-A403-A0D46699204B}.Debug|iPhoneSimulator.ActiveCfg = Debug|iPhoneSimulator
		{611971AE-925B-4F44-A403-A0D46699204B}.Debug|iPhoneSimulator.Build.0 = Debug|iPhoneSimulator
		{611971AE-925B-4F44-A403-A0D46699204B}.Debug|Mixed Platforms.ActiveCfg = Debug|iPhone
		{611971AE-925B-4F44-A403-A0D46699204B}.Debug|Mixed Platforms.Build.0 = Debug|iPhone
		{611971AE-925B-4F44-A403-A0D46699204B}.Release|Any CPU.ActiveCfg = Release|iPhone
		{611971AE-925B-4F44-A403-A0D46699204B}.Release|iPhone.ActiveCfg = Release|iPhone
		{611971AE-925B-4F44-A403-A0D46699204B}.Release|iPhone.Build.0 = Release|iPhone
		{611971AE-925B-4F44-A403-A0D46699204B}.Release|iPhoneSimulator.ActiveCfg = Release|iPhoneSimulator
		{611971AE-925B-4F44-A403-A0D46699204B}.Release|iPhoneSimulator.Build.0 = Release|iPhoneSimulator
		{611971AE-925B-4F44-A403-A0D46699204B}.Release|Mixed Platforms.ActiveCfg = Release|iPhone
		{611971AE-925B-4F44-A403-A0D46699204B}.Release|Mixed Platforms.Build.0 = Release|iPhone
		{7905C6AE-908B-4CB3-A4BC-F140D9B5736B}.Ad-Hoc|Any CPU.ActiveCfg = Release|Any CPU
		{7905C6AE-908B-4CB3-A4BC-F140D9B5736B}.Ad-Hoc|iPhone.ActiveCfg = Debug|Any CPU
		{7905C6AE-908B-4CB3-A4BC-F140D9B5736B}.Ad-Hoc|iPhone.Build.0 = Debug|Any CPU
		{7905C6AE-908B-4CB3-A4BC-F140D9B5736B}.Ad-Hoc|iPhoneSimulator.ActiveCfg = Release|Any CPU
		{7905C6AE-908B-4CB3-A4BC-F140D9B5736B}.Ad-Hoc|Mixed Platforms.ActiveCfg = Release|Any CPU
		{7905C6AE-908B-4CB3-A4BC-F140D9B5736B}.Ad-Hoc|Mixed Platforms.Build.0 = Release|Any CPU
		{7905C6AE-908B-4CB3-A4BC-F140D9B5736B}.AppStore|Any CPU.ActiveCfg = Release|Any CPU
		{7905C6AE-908B-4CB3-A4BC-F140D9B5736B}.AppStore|iPhone.ActiveCfg = Debug|Any CPU
		{7905C6AE-908B-4CB3-A4BC-F140D9B5736B}.AppStore|iPhone.Build.0 = Debug|Any CPU
		{7905C6AE-908B-4CB3-A4BC-F140D9B5736B}.AppStore|iPhoneSimulator.ActiveCfg = Release|Any CPU
		{7905C6AE-908B-4CB3-A4BC-F140D9B5736B}.AppStore|Mixed Platforms.ActiveCfg = Release|Any CPU
		{7905C6AE-908B-4CB3-A4BC-F140D9B5736B}.AppStore|Mixed Platforms.Build.0 = Release|Any CPU
		{7905C6AE-908B-4CB3-A4BC-F140D9B5736B}.Debug|Any CPU.ActiveCfg = Debug|Any CPU
		{7905C6AE-908B-4CB3-A4BC-F140D9B5736B}.Debug|Any CPU.Build.0 = Debug|Any CPU
		{7905C6AE-908B-4CB3-A4BC-F140D9B5736B}.Debug|iPhone.ActiveCfg = Debug|Any CPU
		{7905C6AE-908B-4CB3-A4BC-F140D9B5736B}.Debug|iPhone.Build.0 = Debug|Any CPU
		{7905C6AE-908B-4CB3-A4BC-F140D9B5736B}.Debug|iPhoneSimulator.ActiveCfg = Debug|Any CPU
		{7905C6AE-908B-4CB3-A4BC-F140D9B5736B}.Debug|iPhoneSimulator.Build.0 = Debug|Any CPU
		{7905C6AE-908B-4CB3-A4BC-F140D9B5736B}.Debug|Mixed Platforms.ActiveCfg = Debug|Any CPU
		{7905C6AE-908B-4CB3-A4BC-F140D9B5736B}.Debug|Mixed Platforms.Build.0 = Debug|Any CPU
		{7905C6AE-908B-4CB3-A4BC-F140D9B5736B}.Release|Any CPU.ActiveCfg = Release|Any CPU
		{7905C6AE-908B-4CB3-A4BC-F140D9B5736B}.Release|Any CPU.Build.0 = Release|Any CPU
		{7905C6AE-908B-4CB3-A4BC-F140D9B5736B}.Release|iPhone.ActiveCfg = Release|Any CPU
		{7905C6AE-908B-4CB3-A4BC-F140D9B5736B}.Release|iPhone.Build.0 = Release|Any CPU
		{7905C6AE-908B-4CB3-A4BC-F140D9B5736B}.Release|iPhoneSimulator.ActiveCfg = Release|Any CPU
		{7905C6AE-908B-4CB3-A4BC-F140D9B5736B}.Release|iPhoneSimulator.Build.0 = Release|Any CPU
		{7905C6AE-908B-4CB3-A4BC-F140D9B5736B}.Release|Mixed Platforms.ActiveCfg = Release|Any CPU
		{7905C6AE-908B-4CB3-A4BC-F140D9B5736B}.Release|Mixed Platforms.Build.0 = Release|Any CPU
		{7FE3EF43-74F4-4CDB-B5AA-7337DBFF4B48}.Ad-Hoc|Any CPU.ActiveCfg = Ad-Hoc|iPhone
		{7FE3EF43-74F4-4CDB-B5AA-7337DBFF4B48}.Ad-Hoc|iPhone.ActiveCfg = Ad-Hoc|iPhone
		{7FE3EF43-74F4-4CDB-B5AA-7337DBFF4B48}.Ad-Hoc|iPhone.Build.0 = Ad-Hoc|iPhone
		{7FE3EF43-74F4-4CDB-B5AA-7337DBFF4B48}.Ad-Hoc|iPhoneSimulator.ActiveCfg = Ad-Hoc|iPhoneSimulator
		{7FE3EF43-74F4-4CDB-B5AA-7337DBFF4B48}.Ad-Hoc|iPhoneSimulator.Build.0 = Ad-Hoc|iPhoneSimulator
		{7FE3EF43-74F4-4CDB-B5AA-7337DBFF4B48}.Ad-Hoc|Mixed Platforms.ActiveCfg = Ad-Hoc|iPhone
		{7FE3EF43-74F4-4CDB-B5AA-7337DBFF4B48}.Ad-Hoc|Mixed Platforms.Build.0 = Ad-Hoc|iPhone
		{7FE3EF43-74F4-4CDB-B5AA-7337DBFF4B48}.AppStore|Any CPU.ActiveCfg = AppStore|iPhone
		{7FE3EF43-74F4-4CDB-B5AA-7337DBFF4B48}.AppStore|iPhone.ActiveCfg = AppStore|iPhone
		{7FE3EF43-74F4-4CDB-B5AA-7337DBFF4B48}.AppStore|iPhone.Build.0 = AppStore|iPhone
		{7FE3EF43-74F4-4CDB-B5AA-7337DBFF4B48}.AppStore|iPhoneSimulator.ActiveCfg = AppStore|iPhoneSimulator
		{7FE3EF43-74F4-4CDB-B5AA-7337DBFF4B48}.AppStore|iPhoneSimulator.Build.0 = AppStore|iPhoneSimulator
		{7FE3EF43-74F4-4CDB-B5AA-7337DBFF4B48}.AppStore|Mixed Platforms.ActiveCfg = AppStore|iPhone
		{7FE3EF43-74F4-4CDB-B5AA-7337DBFF4B48}.AppStore|Mixed Platforms.Build.0 = AppStore|iPhone
		{7FE3EF43-74F4-4CDB-B5AA-7337DBFF4B48}.Debug|Any CPU.ActiveCfg = Debug|iPhone
		{7FE3EF43-74F4-4CDB-B5AA-7337DBFF4B48}.Debug|iPhone.ActiveCfg = Debug|iPhone
		{7FE3EF43-74F4-4CDB-B5AA-7337DBFF4B48}.Debug|iPhone.Build.0 = Debug|iPhone
		{7FE3EF43-74F4-4CDB-B5AA-7337DBFF4B48}.Debug|iPhoneSimulator.ActiveCfg = Debug|iPhoneSimulator
		{7FE3EF43-74F4-4CDB-B5AA-7337DBFF4B48}.Debug|iPhoneSimulator.Build.0 = Debug|iPhoneSimulator
		{7FE3EF43-74F4-4CDB-B5AA-7337DBFF4B48}.Debug|Mixed Platforms.ActiveCfg = Debug|iPhone
		{7FE3EF43-74F4-4CDB-B5AA-7337DBFF4B48}.Debug|Mixed Platforms.Build.0 = Debug|iPhone
		{7FE3EF43-74F4-4CDB-B5AA-7337DBFF4B48}.Release|Any CPU.ActiveCfg = Release|iPhone
		{7FE3EF43-74F4-4CDB-B5AA-7337DBFF4B48}.Release|iPhone.ActiveCfg = Release|iPhone
		{7FE3EF43-74F4-4CDB-B5AA-7337DBFF4B48}.Release|iPhone.Build.0 = Release|iPhone
		{7FE3EF43-74F4-4CDB-B5AA-7337DBFF4B48}.Release|iPhoneSimulator.ActiveCfg = Release|iPhoneSimulator
		{7FE3EF43-74F4-4CDB-B5AA-7337DBFF4B48}.Release|iPhoneSimulator.Build.0 = Release|iPhoneSimulator
		{7FE3EF43-74F4-4CDB-B5AA-7337DBFF4B48}.Release|Mixed Platforms.ActiveCfg = Release|iPhone
		{7FE3EF43-74F4-4CDB-B5AA-7337DBFF4B48}.Release|Mixed Platforms.Build.0 = Release|iPhone
		{B9474AEF-2678-4E38-8FB0-AAE4E6B63CD8}.Ad-Hoc|Any CPU.ActiveCfg = Release|Any CPU
		{B9474AEF-2678-4E38-8FB0-AAE4E6B63CD8}.Ad-Hoc|Any CPU.Build.0 = Release|Any CPU
		{B9474AEF-2678-4E38-8FB0-AAE4E6B63CD8}.Ad-Hoc|Any CPU.Deploy.0 = Release|Any CPU
		{B9474AEF-2678-4E38-8FB0-AAE4E6B63CD8}.Ad-Hoc|iPhone.ActiveCfg = Release|Any CPU
		{B9474AEF-2678-4E38-8FB0-AAE4E6B63CD8}.Ad-Hoc|iPhoneSimulator.ActiveCfg = Release|Any CPU
		{B9474AEF-2678-4E38-8FB0-AAE4E6B63CD8}.Ad-Hoc|Mixed Platforms.ActiveCfg = Release|Any CPU
		{B9474AEF-2678-4E38-8FB0-AAE4E6B63CD8}.Ad-Hoc|Mixed Platforms.Build.0 = Release|Any CPU
		{B9474AEF-2678-4E38-8FB0-AAE4E6B63CD8}.Ad-Hoc|Mixed Platforms.Deploy.0 = Release|Any CPU
		{B9474AEF-2678-4E38-8FB0-AAE4E6B63CD8}.AppStore|Any CPU.ActiveCfg = Release|Any CPU
		{B9474AEF-2678-4E38-8FB0-AAE4E6B63CD8}.AppStore|Any CPU.Build.0 = Release|Any CPU
		{B9474AEF-2678-4E38-8FB0-AAE4E6B63CD8}.AppStore|Any CPU.Deploy.0 = Release|Any CPU
		{B9474AEF-2678-4E38-8FB0-AAE4E6B63CD8}.AppStore|iPhone.ActiveCfg = Release|Any CPU
		{B9474AEF-2678-4E38-8FB0-AAE4E6B63CD8}.AppStore|iPhoneSimulator.ActiveCfg = Release|Any CPU
		{B9474AEF-2678-4E38-8FB0-AAE4E6B63CD8}.AppStore|Mixed Platforms.ActiveCfg = Release|Any CPU
		{B9474AEF-2678-4E38-8FB0-AAE4E6B63CD8}.AppStore|Mixed Platforms.Build.0 = Release|Any CPU
		{B9474AEF-2678-4E38-8FB0-AAE4E6B63CD8}.AppStore|Mixed Platforms.Deploy.0 = Release|Any CPU
		{B9474AEF-2678-4E38-8FB0-AAE4E6B63CD8}.Debug|Any CPU.ActiveCfg = Debug|Any CPU
		{B9474AEF-2678-4E38-8FB0-AAE4E6B63CD8}.Debug|Any CPU.Build.0 = Debug|Any CPU
		{B9474AEF-2678-4E38-8FB0-AAE4E6B63CD8}.Debug|Any CPU.Deploy.0 = Debug|Any CPU
		{B9474AEF-2678-4E38-8FB0-AAE4E6B63CD8}.Debug|iPhone.ActiveCfg = Debug|Any CPU
		{B9474AEF-2678-4E38-8FB0-AAE4E6B63CD8}.Debug|iPhoneSimulator.ActiveCfg = Debug|Any CPU
		{B9474AEF-2678-4E38-8FB0-AAE4E6B63CD8}.Debug|Mixed Platforms.ActiveCfg = Debug|Any CPU
		{B9474AEF-2678-4E38-8FB0-AAE4E6B63CD8}.Debug|Mixed Platforms.Build.0 = Debug|Any CPU
		{B9474AEF-2678-4E38-8FB0-AAE4E6B63CD8}.Debug|Mixed Platforms.Deploy.0 = Debug|Any CPU
		{B9474AEF-2678-4E38-8FB0-AAE4E6B63CD8}.Release|Any CPU.ActiveCfg = Release|Any CPU
		{B9474AEF-2678-4E38-8FB0-AAE4E6B63CD8}.Release|Any CPU.Build.0 = Release|Any CPU
		{B9474AEF-2678-4E38-8FB0-AAE4E6B63CD8}.Release|Any CPU.Deploy.0 = Release|Any CPU
		{B9474AEF-2678-4E38-8FB0-AAE4E6B63CD8}.Release|iPhone.ActiveCfg = Release|Any CPU
		{B9474AEF-2678-4E38-8FB0-AAE4E6B63CD8}.Release|iPhoneSimulator.ActiveCfg = Release|Any CPU
		{B9474AEF-2678-4E38-8FB0-AAE4E6B63CD8}.Release|Mixed Platforms.ActiveCfg = Release|Any CPU
		{B9474AEF-2678-4E38-8FB0-AAE4E6B63CD8}.Release|Mixed Platforms.Build.0 = Release|Any CPU
		{B9474AEF-2678-4E38-8FB0-AAE4E6B63CD8}.Release|Mixed Platforms.Deploy.0 = Release|Any CPU
		{BEB9E152-AE97-4F8A-A1A8-15B3D8BB6364}.Ad-Hoc|Any CPU.ActiveCfg = Ad-Hoc|iPhone
		{BEB9E152-AE97-4F8A-A1A8-15B3D8BB6364}.Ad-Hoc|iPhone.ActiveCfg = Ad-Hoc|iPhone
		{BEB9E152-AE97-4F8A-A1A8-15B3D8BB6364}.Ad-Hoc|iPhone.Build.0 = Ad-Hoc|iPhone
		{BEB9E152-AE97-4F8A-A1A8-15B3D8BB6364}.Ad-Hoc|iPhoneSimulator.ActiveCfg = Ad-Hoc|iPhoneSimulator
		{BEB9E152-AE97-4F8A-A1A8-15B3D8BB6364}.Ad-Hoc|iPhoneSimulator.Build.0 = Ad-Hoc|iPhoneSimulator
		{BEB9E152-AE97-4F8A-A1A8-15B3D8BB6364}.Ad-Hoc|Mixed Platforms.ActiveCfg = Ad-Hoc|iPhone
		{BEB9E152-AE97-4F8A-A1A8-15B3D8BB6364}.Ad-Hoc|Mixed Platforms.Build.0 = Ad-Hoc|iPhone
		{BEB9E152-AE97-4F8A-A1A8-15B3D8BB6364}.AppStore|Any CPU.ActiveCfg = AppStore|iPhone
		{BEB9E152-AE97-4F8A-A1A8-15B3D8BB6364}.AppStore|iPhone.ActiveCfg = AppStore|iPhone
		{BEB9E152-AE97-4F8A-A1A8-15B3D8BB6364}.AppStore|iPhone.Build.0 = AppStore|iPhone
		{BEB9E152-AE97-4F8A-A1A8-15B3D8BB6364}.AppStore|iPhoneSimulator.ActiveCfg = AppStore|iPhoneSimulator
		{BEB9E152-AE97-4F8A-A1A8-15B3D8BB6364}.AppStore|iPhoneSimulator.Build.0 = AppStore|iPhoneSimulator
		{BEB9E152-AE97-4F8A-A1A8-15B3D8BB6364}.AppStore|Mixed Platforms.ActiveCfg = AppStore|iPhone
		{BEB9E152-AE97-4F8A-A1A8-15B3D8BB6364}.AppStore|Mixed Platforms.Build.0 = AppStore|iPhone
		{BEB9E152-AE97-4F8A-A1A8-15B3D8BB6364}.Debug|Any CPU.ActiveCfg = Debug|iPhone
		{BEB9E152-AE97-4F8A-A1A8-15B3D8BB6364}.Debug|iPhone.ActiveCfg = Debug|iPhone
		{BEB9E152-AE97-4F8A-A1A8-15B3D8BB6364}.Debug|iPhone.Build.0 = Debug|iPhone
		{BEB9E152-AE97-4F8A-A1A8-15B3D8BB6364}.Debug|iPhoneSimulator.ActiveCfg = Debug|iPhoneSimulator
		{BEB9E152-AE97-4F8A-A1A8-15B3D8BB6364}.Debug|iPhoneSimulator.Build.0 = Debug|iPhoneSimulator
		{BEB9E152-AE97-4F8A-A1A8-15B3D8BB6364}.Debug|Mixed Platforms.ActiveCfg = Debug|iPhone
		{BEB9E152-AE97-4F8A-A1A8-15B3D8BB6364}.Debug|Mixed Platforms.Build.0 = Debug|iPhone
		{BEB9E152-AE97-4F8A-A1A8-15B3D8BB6364}.Release|Any CPU.ActiveCfg = Release|iPhone
		{BEB9E152-AE97-4F8A-A1A8-15B3D8BB6364}.Release|iPhone.ActiveCfg = Release|iPhone
		{BEB9E152-AE97-4F8A-A1A8-15B3D8BB6364}.Release|iPhone.Build.0 = Release|iPhone
		{BEB9E152-AE97-4F8A-A1A8-15B3D8BB6364}.Release|iPhoneSimulator.ActiveCfg = Release|iPhoneSimulator
		{BEB9E152-AE97-4F8A-A1A8-15B3D8BB6364}.Release|iPhoneSimulator.Build.0 = Release|iPhoneSimulator
		{BEB9E152-AE97-4F8A-A1A8-15B3D8BB6364}.Release|Mixed Platforms.ActiveCfg = Release|iPhone
		{BEB9E152-AE97-4F8A-A1A8-15B3D8BB6364}.Release|Mixed Platforms.Build.0 = Release|iPhone
		{DEB70E69-E189-4EC0-A176-138A479EBDF3}.Ad-Hoc|Any CPU.ActiveCfg = Release|Any CPU
		{DEB70E69-E189-4EC0-A176-138A479EBDF3}.Ad-Hoc|Any CPU.Build.0 = Release|Any CPU
		{DEB70E69-E189-4EC0-A176-138A479EBDF3}.Ad-Hoc|iPhone.ActiveCfg = Release|Any CPU
		{DEB70E69-E189-4EC0-A176-138A479EBDF3}.Ad-Hoc|iPhoneSimulator.ActiveCfg = Release|Any CPU
		{DEB70E69-E189-4EC0-A176-138A479EBDF3}.Ad-Hoc|Mixed Platforms.ActiveCfg = Release|Any CPU
		{DEB70E69-E189-4EC0-A176-138A479EBDF3}.Ad-Hoc|Mixed Platforms.Build.0 = Release|Any CPU
		{DEB70E69-E189-4EC0-A176-138A479EBDF3}.AppStore|Any CPU.ActiveCfg = Release|Any CPU
		{DEB70E69-E189-4EC0-A176-138A479EBDF3}.AppStore|Any CPU.Build.0 = Release|Any CPU
		{DEB70E69-E189-4EC0-A176-138A479EBDF3}.AppStore|iPhone.ActiveCfg = Release|Any CPU
		{DEB70E69-E189-4EC0-A176-138A479EBDF3}.AppStore|iPhoneSimulator.ActiveCfg = Release|Any CPU
		{DEB70E69-E189-4EC0-A176-138A479EBDF3}.AppStore|Mixed Platforms.ActiveCfg = Release|Any CPU
		{DEB70E69-E189-4EC0-A176-138A479EBDF3}.AppStore|Mixed Platforms.Build.0 = Release|Any CPU
		{DEB70E69-E189-4EC0-A176-138A479EBDF3}.Debug|Any CPU.ActiveCfg = Debug|Any CPU
		{DEB70E69-E189-4EC0-A176-138A479EBDF3}.Debug|Any CPU.Build.0 = Debug|Any CPU
		{DEB70E69-E189-4EC0-A176-138A479EBDF3}.Debug|iPhone.ActiveCfg = Debug|Any CPU
		{DEB70E69-E189-4EC0-A176-138A479EBDF3}.Debug|iPhoneSimulator.ActiveCfg = Debug|Any CPU
		{DEB70E69-E189-4EC0-A176-138A479EBDF3}.Debug|Mixed Platforms.ActiveCfg = Debug|Any CPU
		{DEB70E69-E189-4EC0-A176-138A479EBDF3}.Debug|Mixed Platforms.Build.0 = Debug|Any CPU
		{DEB70E69-E189-4EC0-A176-138A479EBDF3}.Release|Any CPU.ActiveCfg = Release|Any CPU
		{DEB70E69-E189-4EC0-A176-138A479EBDF3}.Release|Any CPU.Build.0 = Release|Any CPU
		{DEB70E69-E189-4EC0-A176-138A479EBDF3}.Release|iPhone.ActiveCfg = Release|Any CPU
		{DEB70E69-E189-4EC0-A176-138A479EBDF3}.Release|iPhoneSimulator.ActiveCfg = Release|Any CPU
		{DEB70E69-E189-4EC0-A176-138A479EBDF3}.Release|Mixed Platforms.ActiveCfg = Release|Any CPU
		{DEB70E69-E189-4EC0-A176-138A479EBDF3}.Release|Mixed Platforms.Build.0 = Release|Any CPU
		{E343A15F-4620-42F4-B705-EFE7A6832F92}.Ad-Hoc|Any CPU.ActiveCfg = Release|Any CPU
		{E343A15F-4620-42F4-B705-EFE7A6832F92}.Ad-Hoc|Any CPU.Build.0 = Release|Any CPU
		{E343A15F-4620-42F4-B705-EFE7A6832F92}.Ad-Hoc|iPhone.ActiveCfg = Release|Any CPU
		{E343A15F-4620-42F4-B705-EFE7A6832F92}.Ad-Hoc|iPhoneSimulator.ActiveCfg = Release|Any CPU
		{E343A15F-4620-42F4-B705-EFE7A6832F92}.Ad-Hoc|Mixed Platforms.ActiveCfg = Release|Any CPU
		{E343A15F-4620-42F4-B705-EFE7A6832F92}.Ad-Hoc|Mixed Platforms.Build.0 = Release|Any CPU
		{E343A15F-4620-42F4-B705-EFE7A6832F92}.AppStore|Any CPU.ActiveCfg = Release|Any CPU
		{E343A15F-4620-42F4-B705-EFE7A6832F92}.AppStore|Any CPU.Build.0 = Release|Any CPU
		{E343A15F-4620-42F4-B705-EFE7A6832F92}.AppStore|iPhone.ActiveCfg = Release|Any CPU
		{E343A15F-4620-42F4-B705-EFE7A6832F92}.AppStore|iPhoneSimulator.ActiveCfg = Release|Any CPU
		{E343A15F-4620-42F4-B705-EFE7A6832F92}.AppStore|Mixed Platforms.ActiveCfg = Release|Any CPU
		{E343A15F-4620-42F4-B705-EFE7A6832F92}.AppStore|Mixed Platforms.Build.0 = Release|Any CPU
		{E343A15F-4620-42F4-B705-EFE7A6832F92}.Debug|Any CPU.ActiveCfg = Debug|Any CPU
		{E343A15F-4620-42F4-B705-EFE7A6832F92}.Debug|Any CPU.Build.0 = Debug|Any CPU
		{E343A15F-4620-42F4-B705-EFE7A6832F92}.Debug|iPhone.ActiveCfg = Debug|Any CPU
		{E343A15F-4620-42F4-B705-EFE7A6832F92}.Debug|iPhoneSimulator.ActiveCfg = Debug|Any CPU
		{E343A15F-4620-42F4-B705-EFE7A6832F92}.Debug|Mixed Platforms.ActiveCfg = Debug|Any CPU
		{E343A15F-4620-42F4-B705-EFE7A6832F92}.Debug|Mixed Platforms.Build.0 = Debug|Any CPU
		{E343A15F-4620-42F4-B705-EFE7A6832F92}.Release|Any CPU.ActiveCfg = Release|Any CPU
		{E343A15F-4620-42F4-B705-EFE7A6832F92}.Release|Any CPU.Build.0 = Release|Any CPU
		{E343A15F-4620-42F4-B705-EFE7A6832F92}.Release|iPhone.ActiveCfg = Release|Any CPU
		{E343A15F-4620-42F4-B705-EFE7A6832F92}.Release|iPhoneSimulator.ActiveCfg = Release|Any CPU
		{E343A15F-4620-42F4-B705-EFE7A6832F92}.Release|Mixed Platforms.ActiveCfg = Release|Any CPU
		{E343A15F-4620-42F4-B705-EFE7A6832F92}.Release|Mixed Platforms.Build.0 = Release|Any CPU
	EndGlobalSection
	GlobalSection(NestedProjects) = preSolution
		{DEB70E69-E189-4EC0-A176-138A479EBDF3} = {6ACBA194-78BD-43CD-88DC-7F2787C4D95F}
		{E343A15F-4620-42F4-B705-EFE7A6832F92} = {157FD976-B46F-4B3F-96BD-A505A1A8E7D3}
		{06825071-3CD8-459E-BEAB-4F78611FE44E} = {157FD976-B46F-4B3F-96BD-A505A1A8E7D3}
		{7FE3EF43-74F4-4CDB-B5AA-7337DBFF4B48} = {157FD976-B46F-4B3F-96BD-A505A1A8E7D3}
		{3B2B961C-16DF-4AB0-9902-21725BC3005B} = {157FD976-B46F-4B3F-96BD-A505A1A8E7D3}
		{BEB9E152-AE97-4F8A-A1A8-15B3D8BB6364} = {157FD976-B46F-4B3F-96BD-A505A1A8E7D3}
		{B9474AEF-2678-4E38-8FB0-AAE4E6B63CD8} = {157FD976-B46F-4B3F-96BD-A505A1A8E7D3}
		{26B1C0F4-63DE-4008-B042-CC222F3FBDB2} = {ED9C87DA-2928-4D03-B5C7-B045E158CF8B}
		{611971AE-925B-4F44-A403-A0D46699204B} = {ED9C87DA-2928-4D03-B5C7-B045E158CF8B}
	EndGlobalSection
	GlobalSection(MonoDevelopProperties) = preSolution
		StartupItem = Applications.Native.Classical\UbertestersSDKSample.Application.XamarinAndroid\UbertestersSDKSample.Application.XamarinAndroid.csproj
	EndGlobalSection
	GlobalSection(SolutionProperties) = preSolution
		HideSolutionNode = FALSE
	EndGlobalSection
EndGlobal
